{
  "originHash" : "a3dc41df481d73cc67f9505849d9d97e74487ac6cad2e6073234fa34232de511",
  "pins" : [
    {
      "identity" : "darwinprivateframeworks",
      "kind" : "remoteSourceControl",
      "location" : "https://github.com/OpenSwiftUIProject/DarwinPrivateFrameworks.git",
      "state" : {
        "branch" : "main",
        "revision" : "af7ef1c0a0e2c2b87e287743997a22ab3678924c"
      }
    },
    {
      "identity" : "openbox",
      "kind" : "remoteSourceControl",
      "location" : "https://github.com/OpenSwiftUIProject/OpenBox",
      "state" : {
        "branch" : "main",
        "revision" : "61edb3d6670d94bf4a129e6971211a8f14e50d1d"
      }
    },
    {
      "identity" : "opengraph",
      "kind" : "remoteSourceControl",
      "location" : "https://github.com/OpenSwiftUIProject/OpenGraph",
      "state" : {
        "branch" : "main",
        "revision" : "83bedb98f5e54f75f225c003da7eaa9f7871ccab"
      }
    },
    {
      "identity" : "swift-numerics",
      "kind" : "remoteSourceControl",
      "location" : "https://github.com/apple/swift-numerics.git",
      "state" : {
        "revision" : "e0ec0f5f3af6f3e4d5e7a19d2af26b481acb6ba8",
        "version" : "1.0.3"
      }
    },
    {
      "identity" : "symbollocator",
      "kind" : "remoteSourceControl",
      "location" : "https://github.com/OpenSwiftUIProject/SymbolLocator.git",
      "state" : {
        "revision" : "1bd1a26ef304337ad2dbb4a947593d642f71ed8a",
        "version" : "0.2.0"
      }
    }
  ],
  "version" : 3
}
