{
  "originHash" : "fdcca3afece30410c054d1dbaa77cb74480dc14180740ca42acde3decedfb888",
  "pins" : [
    {
      "identity" : "darwinprivateframeworks",
      "kind" : "remoteSourceControl",
      "location" : "https://github.com/OpenSwiftUIProject/DarwinPrivateFrameworks.git",
      "state" : {
        "branch" : "main",
        "revision" : "b7e6ba165f3763dd477f55cc55b4a63f51385571"
      }
    },
    {
      "identity" : "openattributegraph",
      "kind" : "remoteSourceControl",
      "location" : "https://github.com/OpenSwiftUIProject/OpenAttributeGraph",
      "state" : {
        "branch" : "main",
        "revision" : "e3484bf5e6ccb6214a4d88b7846f2bde35af1d19"
      }
    },
    {
      "identity" : "opencoregraphics",
      "kind" : "remoteSourceControl",
      "location" : "https://github.com/OpenSwiftUIProject/OpenCoreGraphics",
      "state" : {
        "branch" : "main",
        "revision" : "df5ab4c4dcd0afc8fde978f6a0ad5228bb8aee17"
      }
    },
    {
      "identity" : "openobservation",
      "kind" : "remoteSourceControl",
      "location" : "https://github.com/OpenSwiftUIProject/OpenObservation",
      "state" : {
        "branch" : "main",
        "revision" : "51c52f318eb3278b1eaa8b724f50d1af9f9f8bae"
      }
    },
    {
      "identity" : "openrenderbox",
      "kind" : "remoteSourceControl",
      "location" : "https://github.com/OpenSwiftUIProject/OpenRenderBox",
      "state" : {
        "branch" : "main",
        "revision" : "ec856ea3d709de2624fe1324c0ef004a7f492394"
      }
    },
    {
      "identity" : "swift-numerics",
      "kind" : "remoteSourceControl",
      "location" : "https://github.com/apple/swift-numerics",
      "state" : {
        "revision" : "0c0290ff6b24942dadb83a929ffaaa1481df04a2",
        "version" : "1.1.1"
      }
    },
    {
      "identity" : "swift-syntax",
      "kind" : "remoteSourceControl",
      "location" : "https://github.com/swiftlang/swift-syntax",
      "state" : {
        "revision" : "79e4b74a295b6eb74a8b585e3a39d29e70c1dbd1",
        "version" : "603.0.2"
      }
    },
    {
      "identity" : "symbollocator",
      "kind" : "remoteSourceControl",
      "location" : "https://github.com/OpenSwiftUIProject/SymbolLocator.git",
      "state" : {
        "revision" : "546053c03f282df1a8270853da6692e1b078be09",
        "version" : "0.2.1"
      }
    }
  ],
  "version" : 3
}
