{
  "originHash" : "d4e2dd09edcc5a35a8f033b498c3430ea20e4f83d6815bc2ab70e7ce60a326c4",
  "pins" : [
    {
      "identity" : "darwinprivateframeworks",
      "kind" : "remoteSourceControl",
      "location" : "https://github.com/OpenSwiftUIProject/DarwinPrivateFrameworks.git",
      "state" : {
        "branch" : "main",
        "revision" : "392e3b27e14a11bc4713f7a746d59ceb0076c85f"
      }
    },
    {
      "identity" : "openattributegraph",
      "kind" : "remoteSourceControl",
      "location" : "https://github.com/OpenSwiftUIProject/OpenAttributeGraph",
      "state" : {
        "branch" : "main",
        "revision" : "b8ee96828f38cd221c67c252a6488d99fef04468"
      }
    },
    {
      "identity" : "opencoregraphics",
      "kind" : "remoteSourceControl",
      "location" : "https://github.com/OpenSwiftUIProject/OpenCoreGraphics",
      "state" : {
        "branch" : "main",
        "revision" : "cd89c292c4ed4c25d9468a12d9490cc18304ff37"
      }
    },
    {
      "identity" : "openobservation",
      "kind" : "remoteSourceControl",
      "location" : "https://github.com/OpenSwiftUIProject/OpenObservation",
      "state" : {
        "branch" : "main",
        "revision" : "814dbe008056db6007bfc3d27fe585837f30e9ed"
      }
    },
    {
      "identity" : "openrenderbox",
      "kind" : "remoteSourceControl",
      "location" : "https://github.com/OpenSwiftUIProject/OpenRenderBox",
      "state" : {
        "branch" : "main",
        "revision" : "ebed504f2785edfe500ebd0552a1bcf6d37071ba"
      }
    },
    {
      "identity" : "rainbow",
      "kind" : "remoteSourceControl",
      "location" : "https://github.com/onevcat/Rainbow",
      "state" : {
        "revision" : "16da5c62dd737258c6df2e8c430f8a3202f655a7",
        "version" : "4.2.0"
      }
    },
    {
      "identity" : "shaft",
      "kind" : "remoteSourceControl",
      "location" : "https://github.com/ShaftUI/Shaft",
      "state" : {
        "branch" : "main",
        "revision" : "ea52999447248fcb91096392dc95e2f1afece8ef"
      }
    },
    {
      "identity" : "splash",
      "kind" : "remoteSourceControl",
      "location" : "https://github.com/ShaftUI/Splash",
      "state" : {
        "branch" : "master",
        "revision" : "ed08785980b61de9b98306434410ce7fc10572ea"
      }
    },
    {
      "identity" : "swift-cmark",
      "kind" : "remoteSourceControl",
      "location" : "https://github.com/swiftlang/swift-cmark.git",
      "state" : {
        "branch" : "gfm",
        "revision" : "924936d0427cb25a61169739a7660230bffa6ea6"
      }
    },
    {
      "identity" : "swift-collections",
      "kind" : "remoteSourceControl",
      "location" : "https://github.com/ShaftUI/swift-collections",
      "state" : {
        "revision" : "52a1f698d5faa632df0e1219b1bbffa07cf65260",
        "version" : "1.3.0"
      }
    },
    {
      "identity" : "swift-markdown",
      "kind" : "remoteSourceControl",
      "location" : "https://github.com/swiftlang/swift-markdown.git",
      "state" : {
        "branch" : "main",
        "revision" : "b2135f426fca19029430fbf26564e953b2d0f3d3"
      }
    },
    {
      "identity" : "swift-syntax",
      "kind" : "remoteSourceControl",
      "location" : "https://github.com/swiftlang/swift-syntax",
      "state" : {
        "revision" : "f99ae8aa18f0cf0d53481901f88a0991dc3bd4a2",
        "version" : "601.0.1"
      }
    },
    {
      "identity" : "swiftmath",
      "kind" : "remoteSourceControl",
      "location" : "https://github.com/ShaftUI/SwiftMath",
      "state" : {
        "revision" : "29039462bcd88b9469041f2678b892d0dd7a4c6f",
        "version" : "3.4.0"
      }
    },
    {
      "identity" : "swiftreload",
      "kind" : "remoteSourceControl",
      "location" : "https://github.com/ShaftUI/SwiftReload.git",
      "state" : {
        "revision" : "e0b67c14779b880c475de7c3c5e4778b23cf90fa",
        "version" : "0.0.1"
      }
    },
    {
      "identity" : "swiftsdl3",
      "kind" : "remoteSourceControl",
      "location" : "https://github.com/ShaftUI/SwiftSDL3",
      "state" : {
        "revision" : "64fb16e7b2546cc33aefdad2304f909e08a5e54e",
        "version" : "0.1.6"
      }
    },
    {
      "identity" : "symbollocator",
      "kind" : "remoteSourceControl",
      "location" : "https://github.com/OpenSwiftUIProject/SymbolLocator.git",
      "state" : {
        "revision" : "546053c03f282df1a8270853da6692e1b078be09",
        "version" : "0.2.1"
      }
    },
    {
      "identity" : "yams",
      "kind" : "remoteSourceControl",
      "location" : "https://github.com/jpsim/Yams.git",
      "state" : {
        "revision" : "b4b8042411dc7bbb696300a34a4bf3ba1b7ad19b",
        "version" : "5.3.1"
      }
    }
  ],
  "version" : 3
}
