// !$*UTF8*$!
{
	archiveVersion = 1;
	classes = {
	};
	objectVersion = 74;
	objects = {

/* Begin PBXBuildFile section */
		27186AE32D538A76009E05F9 /* AttributeGraph.xcframework in Frameworks */ = {isa = PBXBuildFile; fileRef = 27E6C4D12D2842740010502F /* AttributeGraph.xcframework */; };
		278EF52D2E2272F2009C32EB /* Equatable in Frameworks */ = {isa = PBXBuildFile; productRef = 278EF52C2E2272F2009C32EB /* Equatable */; };
		278EF52F2E227304009C32EB /* Equatable in Frameworks */ = {isa = PBXBuildFile; productRef = 278EF52E2E227304009C32EB /* Equatable */; };
		279284972DFF136E00234D64 /* AttributeGraph.xcframework in Frameworks */ = {isa = PBXBuildFile; fileRef = 27E6C4D12D2842740010502F /* AttributeGraph.xcframework */; };
		2792849F2DFF137400234D64 /* SnapshotTesting in Frameworks */ = {isa = PBXBuildFile; productRef = 2792849E2DFF137400234D64 /* SnapshotTesting */; };
		279FED052DF4566D00320390 /* AttributeGraph.xcframework in Frameworks */ = {isa = PBXBuildFile; fileRef = 27E6C4D12D2842740010502F /* AttributeGraph.xcframework */; };
		279FED0D2DF4567B00320390 /* OpenSwiftUI in Frameworks */ = {isa = PBXBuildFile; productRef = 279FED0C2DF4567B00320390 /* OpenSwiftUI */; };
		27AF22B22E758F2900D534AB /* CoreUI.xcframework in Frameworks */ = {isa = PBXBuildFile; fileRef = 27EE91722DD0C753006C85FD /* CoreUI.xcframework */; };
		27AF22B32E758F2900D534AB /* CoreUI.xcframework in Frameworks */ = {isa = PBXBuildFile; fileRef = 27EE91722DD0C753006C85FD /* CoreUI.xcframework */; };
		27AF22B42E758F2900D534AB /* CoreUI.xcframework in Frameworks */ = {isa = PBXBuildFile; fileRef = 27EE91722DD0C753006C85FD /* CoreUI.xcframework */; };
		27AF22B52E758F2900D534AB /* CoreUI.xcframework in Frameworks */ = {isa = PBXBuildFile; fileRef = 27EE91722DD0C753006C85FD /* CoreUI.xcframework */; };
		27AF22B62E758F2E00D534AB /* BacklightServices.xcframework in Frameworks */ = {isa = PBXBuildFile; fileRef = 27AF22B12E758F0F00D534AB /* BacklightServices.xcframework */; platformFilters = (ios, xros, ); };
		27AF22B72E758F2E00D534AB /* BacklightServices.xcframework in Frameworks */ = {isa = PBXBuildFile; fileRef = 27AF22B12E758F0F00D534AB /* BacklightServices.xcframework */; platformFilters = (ios, xros, ); };
		27AF22B82E758F2E00D534AB /* BacklightServices.xcframework in Frameworks */ = {isa = PBXBuildFile; fileRef = 27AF22B12E758F0F00D534AB /* BacklightServices.xcframework */; platformFilters = (ios, xros, ); };
		27AF22B92E758F2E00D534AB /* BacklightServices.xcframework in Frameworks */ = {isa = PBXBuildFile; fileRef = 27AF22B12E758F0F00D534AB /* BacklightServices.xcframework */; platformFilters = (ios, xros, ); };
		27AF22BA2E758F3700D534AB /* RenderBox.xcframework in Frameworks */ = {isa = PBXBuildFile; fileRef = 27E6C4D42D2842810010502F /* RenderBox.xcframework */; };
		27AF22BB2E758F3700D534AB /* RenderBox.xcframework in Frameworks */ = {isa = PBXBuildFile; fileRef = 27E6C4D42D2842810010502F /* RenderBox.xcframework */; };
		27AF22BC2E758F3700D534AB /* RenderBox.xcframework in Frameworks */ = {isa = PBXBuildFile; fileRef = 27E6C4D42D2842810010502F /* RenderBox.xcframework */; };
		27AF22BD2E758F3700D534AB /* RenderBox.xcframework in Frameworks */ = {isa = PBXBuildFile; fileRef = 27E6C4D42D2842810010502F /* RenderBox.xcframework */; };
		27CD0B5F2AFC8DA7003665EB /* OpenSwiftUI in Frameworks */ = {isa = PBXBuildFile; productRef = 27CD0B5E2AFC8DA7003665EB /* OpenSwiftUI */; };
		27D49E0E2BA60AF600F6E2E2 /* OpenSwiftUI in Frameworks */ = {isa = PBXBuildFile; productRef = 27D49E0D2BA60AF600F6E2E2 /* OpenSwiftUI */; };
		27E6C4D32D2842740010502F /* AttributeGraph.xcframework in Frameworks */ = {isa = PBXBuildFile; fileRef = 27E6C4D12D2842740010502F /* AttributeGraph.xcframework */; };
/* End PBXBuildFile section */

/* Begin PBXContainerItemProxy section */
		279080A32E8E600A0082B5B6 /* PBXContainerItemProxy */ = {
			isa = PBXContainerItemProxy;
			containerPortal = 27CD0B412AFC8D37003665EB /* Project object */;
			proxyType = 1;
			remoteGlobalIDString = 275751E22DEE1441003E467C;
			remoteInfo = TestingHost;
		};
		27DC9A772F2017EA00F8F371 /* PBXContainerItemProxy */ = {
			isa = PBXContainerItemProxy;
			containerPortal = 27CD0B412AFC8D37003665EB /* Project object */;
			proxyType = 1;
			remoteGlobalIDString = 27D49DF72BA604FB00F6E2E2;
			remoteInfo = HostingExample;
		};
/* End PBXContainerItemProxy section */

/* Begin PBXFileReference section */
		271D81642BB1E8E300A6D543 /* OpenAttributeGraph */ = {isa = PBXFileReference; lastKnownFileType = wrapper; name = OpenAttributeGraph; path = ../../OpenAttributeGraph; sourceTree = "<group>"; };
		275751E32DEE1441003E467C /* TestingHost.app */ = {isa = PBXFileReference; explicitFileType = wrapper.application; includeInIndex = 0; path = TestingHost.app; sourceTree = BUILT_PRODUCTS_DIR; };
		279080912E8E5E7B0082B5B6 /* Testing.framework */ = {isa = PBXFileReference; lastKnownFileType = wrapper.framework; name = Testing.framework; path = Platforms/MacOSX.platform/Developer/Library/Frameworks/Testing.framework; sourceTree = DEVELOPER_DIR; };
		279283B92DFF11CE00234D64 /* OpenSwiftUIUITests.xctest */ = {isa = PBXFileReference; explicitFileType = wrapper.cfbundle; includeInIndex = 0; path = OpenSwiftUIUITests.xctest; sourceTree = BUILT_PRODUCTS_DIR; };
		27AF22B12E758F0F00D534AB /* BacklightServices.xcframework */ = {isa = PBXFileReference; lastKnownFileType = wrapper.xcframework; name = BacklightServices.xcframework; path = ../../DarwinPrivateFrameworks/BLS/2024/BacklightServices.xcframework; sourceTree = "<group>"; };
		27B7FC802BB31FF500272BA5 /* README.md */ = {isa = PBXFileReference; lastKnownFileType = net.daringfireball.markdown; path = README.md; sourceTree = "<group>"; };
		27CD0B492AFC8D37003665EB /* Example.app */ = {isa = PBXFileReference; explicitFileType = wrapper.application; includeInIndex = 0; path = Example.app; sourceTree = BUILT_PRODUCTS_DIR; };
		27CD0B612AFC8E0E003665EB /* OpenSwiftUI */ = {isa = PBXFileReference; lastKnownFileType = wrapper; name = OpenSwiftUI; path = ..; sourceTree = "<group>"; };
		27D49DF82BA604FB00F6E2E2 /* HostingExample.app */ = {isa = PBXFileReference; explicitFileType = wrapper.application; includeInIndex = 0; path = HostingExample.app; sourceTree = BUILT_PRODUCTS_DIR; };
		27E6C4D02D2842530010502F /* OpenRenderBox */ = {isa = PBXFileReference; lastKnownFileType = wrapper; name = OpenRenderBox; path = ../../OpenRenderBox; sourceTree = "<group>"; };
		27E6C4D12D2842740010502F /* AttributeGraph.xcframework */ = {isa = PBXFileReference; lastKnownFileType = wrapper.xcframework; name = AttributeGraph.xcframework; path = ../../DarwinPrivateFrameworks/AG/2024/AttributeGraph.xcframework; sourceTree = "<group>"; };
		27E6C4D42D2842810010502F /* RenderBox.xcframework */ = {isa = PBXFileReference; lastKnownFileType = wrapper.xcframework; name = RenderBox.xcframework; path = ../../DarwinPrivateFrameworks/RB/2024/RenderBox.xcframework; sourceTree = "<group>"; };
		27E6C4F72D2844470010502F /* DarwinPrivateFrameworks */ = {isa = PBXFileReference; lastKnownFileType = wrapper; name = DarwinPrivateFrameworks; path = ../../DarwinPrivateFrameworks; sourceTree = "<group>"; };
		27EE91722DD0C753006C85FD /* CoreUI.xcframework */ = {isa = PBXFileReference; lastKnownFileType = wrapper.xcframework; name = CoreUI.xcframework; path = ../../DarwinPrivateFrameworks/CoreUI/2024/CoreUI.xcframework; sourceTree = "<group>"; };
/* End PBXFileReference section */

/* Begin PBXFileSystemSynchronizedBuildFileExceptionSet section */
		275751CC2DEE136C003E467C /* PBXFileSystemSynchronizedBuildFileExceptionSet */ = {
			isa = PBXFileSystemSynchronizedBuildFileExceptionSet;
			membershipExceptions = (
				Info.plist,
			);
			platformFiltersByRelativePath = {
				/Localized/LaunchScreen.storyboard = (
					ios,
				);
				/Localized/Main.storyboard = (
					ios,
					xros,
				);
				SceneDelegate.swift = (
					ios,
					xros,
				);
			};
			target = 27D49DF72BA604FB00F6E2E2 /* HostingExample */;
		};
		275C29E52F389AE8008676C3 /* PBXFileSystemSynchronizedBuildFileExceptionSet */ = {
			isa = PBXFileSystemSynchronizedBuildFileExceptionSet;
			membershipExceptions = (
				interpose.c,
			);
			target = 275751E22DEE1441003E467C /* TestingHost */;
		};
/* End PBXFileSystemSynchronizedBuildFileExceptionSet section */

/* Begin PBXFileSystemSynchronizedRootGroup section */
		275751AF2DEE136A003E467C /* Example */ = {isa = PBXFileSystemSynchronizedRootGroup; explicitFileTypes = {}; explicitFolders = (); path = Example; sourceTree = "<group>"; };
		275751C12DEE136C003E467C /* HostingExample */ = {isa = PBXFileSystemSynchronizedRootGroup; exceptions = (275751CC2DEE136C003E467C /* PBXFileSystemSynchronizedBuildFileExceptionSet */, ); explicitFileTypes = {}; explicitFolders = (); path = HostingExample; sourceTree = "<group>"; };
		275751E42DEE1441003E467C /* TestingHost */ = {isa = PBXFileSystemSynchronizedRootGroup; explicitFileTypes = {}; explicitFolders = (); path = TestingHost; sourceTree = "<group>"; };
		275751F62DEE1456003E467C /* OpenSwiftUIUITests */ = {isa = PBXFileSystemSynchronizedRootGroup; explicitFileTypes = {}; explicitFolders = (); path = OpenSwiftUIUITests; sourceTree = "<group>"; };
		279FEC572DF450D200320390 /* ReferenceImages */ = {isa = PBXFileSystemSynchronizedRootGroup; explicitFileTypes = {}; explicitFolders = (); path = ReferenceImages; sourceTree = "<group>"; };
		27E6C4F62D2842D80010502F /* Configurations */ = {isa = PBXFileSystemSynchronizedRootGroup; explicitFileTypes = {}; explicitFolders = (); name = Configurations; path = ../Configurations; sourceTree = "<group>"; };
		27FFF0422E08850C0060A4DA /* SharedExample */ = {isa = PBXFileSystemSynchronizedRootGroup; exceptions = (275C29E52F389AE8008676C3 /* PBXFileSystemSynchronizedBuildFileExceptionSet */, ); explicitFileTypes = {}; explicitFolders = (); path = SharedExample; sourceTree = "<group>"; };
/* End PBXFileSystemSynchronizedRootGroup section */

/* Begin PBXFrameworksBuildPhase section */
		275751E02DEE1441003E467C /* Frameworks */ = {
			isa = PBXFrameworksBuildPhase;
			buildActionMask = 2147483647;
			files = (
				279FED0D2DF4567B00320390 /* OpenSwiftUI in Frameworks */,
				27AF22B82E758F2E00D534AB /* BacklightServices.xcframework in Frameworks */,
				27AF22B42E758F2900D534AB /* CoreUI.xcframework in Frameworks */,
				27AF22BC2E758F3700D534AB /* RenderBox.xcframework in Frameworks */,
				279FED052DF4566D00320390 /* AttributeGraph.xcframework in Frameworks */,
			);
			runOnlyForDeploymentPostprocessing = 0;
		};
		279283B62DFF11CE00234D64 /* Frameworks */ = {
			isa = PBXFrameworksBuildPhase;
			buildActionMask = 2147483647;
			files = (
				2792849F2DFF137400234D64 /* SnapshotTesting in Frameworks */,
				27AF22B92E758F2E00D534AB /* BacklightServices.xcframework in Frameworks */,
				27AF22B52E758F2900D534AB /* CoreUI.xcframework in Frameworks */,
				27AF22BD2E758F3700D534AB /* RenderBox.xcframework in Frameworks */,
				279284972DFF136E00234D64 /* AttributeGraph.xcframework in Frameworks */,
			);
			runOnlyForDeploymentPostprocessing = 0;
		};
		27CD0B462AFC8D37003665EB /* Frameworks */ = {
			isa = PBXFrameworksBuildPhase;
			buildActionMask = 2147483647;
			files = (
				27AF22B22E758F2900D534AB /* CoreUI.xcframework in Frameworks */,
				27AF22B62E758F2E00D534AB /* BacklightServices.xcframework in Frameworks */,
				27CD0B5F2AFC8DA7003665EB /* OpenSwiftUI in Frameworks */,
				278EF52F2E227304009C32EB /* Equatable in Frameworks */,
				27E6C4D32D2842740010502F /* AttributeGraph.xcframework in Frameworks */,
				27AF22BA2E758F3700D534AB /* RenderBox.xcframework in Frameworks */,
			);
			runOnlyForDeploymentPostprocessing = 0;
		};
		27D49DF52BA604FB00F6E2E2 /* Frameworks */ = {
			isa = PBXFrameworksBuildPhase;
			buildActionMask = 2147483647;
			files = (
				27AF22B32E758F2900D534AB /* CoreUI.xcframework in Frameworks */,
				27AF22B72E758F2E00D534AB /* BacklightServices.xcframework in Frameworks */,
				27D49E0E2BA60AF600F6E2E2 /* OpenSwiftUI in Frameworks */,
				278EF52D2E2272F2009C32EB /* Equatable in Frameworks */,
				27186AE32D538A76009E05F9 /* AttributeGraph.xcframework in Frameworks */,
				27AF22BB2E758F3700D534AB /* RenderBox.xcframework in Frameworks */,
			);
			runOnlyForDeploymentPostprocessing = 0;
		};
/* End PBXFrameworksBuildPhase section */

/* Begin PBXGroup section */
		27CD0B402AFC8D37003665EB = {
			isa = PBXGroup;
			children = (
				27E6C4F62D2842D80010502F /* Configurations */,
				27B7FC802BB31FF500272BA5 /* README.md */,
				27E6C4F72D2844470010502F /* DarwinPrivateFrameworks */,
				27E6C4D02D2842530010502F /* OpenRenderBox */,
				271D81642BB1E8E300A6D543 /* OpenAttributeGraph */,
				27CD0B612AFC8E0E003665EB /* OpenSwiftUI */,
				27FFF0422E08850C0060A4DA /* SharedExample */,
				275751AF2DEE136A003E467C /* Example */,
				275751C12DEE136C003E467C /* HostingExample */,
				275751E42DEE1441003E467C /* TestingHost */,
				275751F62DEE1456003E467C /* OpenSwiftUIUITests */,
				279FEC572DF450D200320390 /* ReferenceImages */,
				27CD0B4A2AFC8D37003665EB /* Products */,
				27D49E0C2BA60AF600F6E2E2 /* Frameworks */,
			);
			sourceTree = "<group>";
		};
		27CD0B4A2AFC8D37003665EB /* Products */ = {
			isa = PBXGroup;
			children = (
				27CD0B492AFC8D37003665EB /* Example.app */,
				27D49DF82BA604FB00F6E2E2 /* HostingExample.app */,
				275751E32DEE1441003E467C /* TestingHost.app */,
				279283B92DFF11CE00234D64 /* OpenSwiftUIUITests.xctest */,
			);
			name = Products;
			sourceTree = "<group>";
		};
		27D49E0C2BA60AF600F6E2E2 /* Frameworks */ = {
			isa = PBXGroup;
			children = (
				279080912E8E5E7B0082B5B6 /* Testing.framework */,
				27AF22B12E758F0F00D534AB /* BacklightServices.xcframework */,
				27EE91722DD0C753006C85FD /* CoreUI.xcframework */,
				27E6C4D42D2842810010502F /* RenderBox.xcframework */,
				27E6C4D12D2842740010502F /* AttributeGraph.xcframework */,
			);
			name = Frameworks;
			sourceTree = "<group>";
		};
/* End PBXGroup section */

/* Begin PBXNativeTarget section */
		275751E22DEE1441003E467C /* TestingHost */ = {
			isa = PBXNativeTarget;
			buildConfigurationList = 275751EC2DEE1442003E467C /* Build configuration list for PBXNativeTarget "TestingHost" */;
			buildPhases = (
				275751DF2DEE1441003E467C /* Sources */,
				275751E02DEE1441003E467C /* Frameworks */,
				275751E12DEE1441003E467C /* Resources */,
			);
			buildRules = (
			);
			dependencies = (
			);
			fileSystemSynchronizedGroups = (
				275751E42DEE1441003E467C /* TestingHost */,
			);
			name = TestingHost;
			packageProductDependencies = (
				279FED0C2DF4567B00320390 /* OpenSwiftUI */,
			);
			productName = TestingHost;
			productReference = 275751E32DEE1441003E467C /* TestingHost.app */;
			productType = "com.apple.product-type.application";
		};
		279283B82DFF11CE00234D64 /* OpenSwiftUIUITests */ = {
			isa = PBXNativeTarget;
			buildConfigurationList = 279283BF2DFF11CE00234D64 /* Build configuration list for PBXNativeTarget "OpenSwiftUIUITests" */;
			buildPhases = (
				279283B52DFF11CE00234D64 /* Sources */,
				279283B62DFF11CE00234D64 /* Frameworks */,
				279283B72DFF11CE00234D64 /* Resources */,
			);
			buildRules = (
			);
			dependencies = (
				279080A42E8E600A0082B5B6 /* PBXTargetDependency */,
				27DC9A782F2017EA00F8F371 /* PBXTargetDependency */,
			);
			fileSystemSynchronizedGroups = (
				275751F62DEE1456003E467C /* OpenSwiftUIUITests */,
			);
			name = OpenSwiftUIUITests;
			packageProductDependencies = (
				2792849E2DFF137400234D64 /* SnapshotTesting */,
			);
			productName = OpenSwiftUIUITests;
			productReference = 279283B92DFF11CE00234D64 /* OpenSwiftUIUITests.xctest */;
			productType = "com.apple.product-type.bundle.unit-test";
		};
		27CD0B482AFC8D37003665EB /* Example */ = {
			isa = PBXNativeTarget;
			buildConfigurationList = 27CD0B582AFC8D38003665EB /* Build configuration list for PBXNativeTarget "Example" */;
			buildPhases = (
				27CD0B452AFC8D37003665EB /* Sources */,
				27CD0B462AFC8D37003665EB /* Frameworks */,
				27CD0B472AFC8D37003665EB /* Resources */,
			);
			buildRules = (
			);
			dependencies = (
			);
			fileSystemSynchronizedGroups = (
				275751AF2DEE136A003E467C /* Example */,
				27FFF0422E08850C0060A4DA /* SharedExample */,
			);
			name = Example;
			packageProductDependencies = (
				27CD0B5E2AFC8DA7003665EB /* OpenSwiftUI */,
				278EF52E2E227304009C32EB /* Equatable */,
			);
			productName = Example;
			productReference = 27CD0B492AFC8D37003665EB /* Example.app */;
			productType = "com.apple.product-type.application";
		};
		27D49DF72BA604FB00F6E2E2 /* HostingExample */ = {
			isa = PBXNativeTarget;
			buildConfigurationList = 27D49E092BA604FC00F6E2E2 /* Build configuration list for PBXNativeTarget "HostingExample" */;
			buildPhases = (
				27D49DF42BA604FB00F6E2E2 /* Sources */,
				27D49DF52BA604FB00F6E2E2 /* Frameworks */,
				27D49DF62BA604FB00F6E2E2 /* Resources */,
			);
			buildRules = (
			);
			dependencies = (
			);
			fileSystemSynchronizedGroups = (
				275751C12DEE136C003E467C /* HostingExample */,
				27FFF0422E08850C0060A4DA /* SharedExample */,
			);
			name = HostingExample;
			packageProductDependencies = (
				27D49E0D2BA60AF600F6E2E2 /* OpenSwiftUI */,
				278EF52C2E2272F2009C32EB /* Equatable */,
			);
			productName = HostingExample;
			productReference = 27D49DF82BA604FB00F6E2E2 /* HostingExample.app */;
			productType = "com.apple.product-type.application";
		};
/* End PBXNativeTarget section */

/* Begin PBXProject section */
		27CD0B412AFC8D37003665EB /* Project object */ = {
			isa = PBXProject;
			attributes = {
				BuildIndependentTargetsInParallel = 1;
				LastSwiftUpdateCheck = 1630;
				LastUpgradeCheck = 1500;
				TargetAttributes = {
					275751E22DEE1441003E467C = {
						CreatedOnToolsVersion = 16.3;
					};
					279283B82DFF11CE00234D64 = {
						CreatedOnToolsVersion = 16.3;
						TestTargetID = 275751E22DEE1441003E467C;
					};
					27CD0B482AFC8D37003665EB = {
						CreatedOnToolsVersion = 15.0;
					};
					27D49DF72BA604FB00F6E2E2 = {
						CreatedOnToolsVersion = 15.2;
						LastSwiftMigration = 1640;
					};
				};
			};
			buildConfigurationList = 27CD0B442AFC8D37003665EB /* Build configuration list for PBXProject "Example" */;
			developmentRegion = en;
			hasScannedForEncodings = 0;
			knownRegions = (
				en,
				Base,
			);
			mainGroup = 27CD0B402AFC8D37003665EB;
			packageReferences = (
				275752022DEE147E003E467C /* XCRemoteSwiftPackageReference "swift-snapshot-testing" */,
				278EF52B2E2272F2009C32EB /* XCRemoteSwiftPackageReference "equatable" */,
			);
			preferredProjectObjectVersion = 56;
			productRefGroup = 27CD0B4A2AFC8D37003665EB /* Products */;
			projectDirPath = "";
			projectRoot = "";
			targets = (
				27CD0B482AFC8D37003665EB /* Example */,
				27D49DF72BA604FB00F6E2E2 /* HostingExample */,
				275751E22DEE1441003E467C /* TestingHost */,
				279283B82DFF11CE00234D64 /* OpenSwiftUIUITests */,
			);
		};
/* End PBXProject section */

/* Begin PBXResourcesBuildPhase section */
		275751E12DEE1441003E467C /* Resources */ = {
			isa = PBXResourcesBuildPhase;
			buildActionMask = 2147483647;
			files = (
			);
			runOnlyForDeploymentPostprocessing = 0;
		};
		279283B72DFF11CE00234D64 /* Resources */ = {
			isa = PBXResourcesBuildPhase;
			buildActionMask = 2147483647;
			files = (
			);
			runOnlyForDeploymentPostprocessing = 0;
		};
		27CD0B472AFC8D37003665EB /* Resources */ = {
			isa = PBXResourcesBuildPhase;
			buildActionMask = 2147483647;
			files = (
			);
			runOnlyForDeploymentPostprocessing = 0;
		};
		27D49DF62BA604FB00F6E2E2 /* Resources */ = {
			isa = PBXResourcesBuildPhase;
			buildActionMask = 2147483647;
			files = (
			);
			runOnlyForDeploymentPostprocessing = 0;
		};
/* End PBXResourcesBuildPhase section */

/* Begin PBXSourcesBuildPhase section */
		275751DF2DEE1441003E467C /* Sources */ = {
			isa = PBXSourcesBuildPhase;
			buildActionMask = 2147483647;
			files = (
			);
			runOnlyForDeploymentPostprocessing = 0;
		};
		279283B52DFF11CE00234D64 /* Sources */ = {
			isa = PBXSourcesBuildPhase;
			buildActionMask = 2147483647;
			files = (
			);
			runOnlyForDeploymentPostprocessing = 0;
		};
		27CD0B452AFC8D37003665EB /* Sources */ = {
			isa = PBXSourcesBuildPhase;
			buildActionMask = 2147483647;
			files = (
			);
			runOnlyForDeploymentPostprocessing = 0;
		};
		27D49DF42BA604FB00F6E2E2 /* Sources */ = {
			isa = PBXSourcesBuildPhase;
			buildActionMask = 2147483647;
			files = (
			);
			runOnlyForDeploymentPostprocessing = 0;
		};
/* End PBXSourcesBuildPhase section */

/* Begin PBXTargetDependency section */
		279080A42E8E600A0082B5B6 /* PBXTargetDependency */ = {
			isa = PBXTargetDependency;
			target = 275751E22DEE1441003E467C /* TestingHost */;
			targetProxy = 279080A32E8E600A0082B5B6 /* PBXContainerItemProxy */;
		};
		27DC9A782F2017EA00F8F371 /* PBXTargetDependency */ = {
			isa = PBXTargetDependency;
			target = 27D49DF72BA604FB00F6E2E2 /* HostingExample */;
			targetProxy = 27DC9A772F2017EA00F8F371 /* PBXContainerItemProxy */;
		};
/* End PBXTargetDependency section */

/* Begin XCBuildConfiguration section */
		272252242BB1C655009CA741 /* OpenSwiftUIDebug */ = {
			isa = XCBuildConfiguration;
			baseConfigurationReferenceAnchor = 27E6C4F62D2842D80010502F /* Configurations */;
			baseConfigurationReferenceRelativePath = "Shared/OpenSwiftUI-debug.xcconfig";
			buildSettings = {
				ALWAYS_SEARCH_USER_PATHS = NO;
				ASSETCATALOG_COMPILER_GENERATE_SWIFT_ASSET_SYMBOL_EXTENSIONS = YES;
				CLANG_ANALYZER_NONNULL = YES;
				CLANG_ANALYZER_NUMBER_OBJECT_CONVERSION = YES_AGGRESSIVE;
				CLANG_CXX_LANGUAGE_STANDARD = "gnu++20";
				CLANG_ENABLE_MODULES = YES;
				CLANG_ENABLE_OBJC_ARC = YES;
				CLANG_ENABLE_OBJC_WEAK = YES;
				CLANG_WARN_BLOCK_CAPTURE_AUTORELEASING = YES;
				CLANG_WARN_BOOL_CONVERSION = YES;
				CLANG_WARN_COMMA = YES;
				CLANG_WARN_CONSTANT_CONVERSION = YES;
				CLANG_WARN_DEPRECATED_OBJC_IMPLEMENTATIONS = YES;
				CLANG_WARN_DIRECT_OBJC_ISA_USAGE = YES_ERROR;
				CLANG_WARN_DOCUMENTATION_COMMENTS = YES;
				CLANG_WARN_EMPTY_BODY = YES;
				CLANG_WARN_ENUM_CONVERSION = YES;
				CLANG_WARN_INFINITE_RECURSION = YES;
				CLANG_WARN_INT_CONVERSION = YES;
				CLANG_WARN_NON_LITERAL_NULL_CONVERSION = YES;
				CLANG_WARN_OBJC_IMPLICIT_RETAIN_SELF = YES;
				CLANG_WARN_OBJC_LITERAL_CONVERSION = YES;
				CLANG_WARN_OBJC_ROOT_CLASS = YES_ERROR;
				CLANG_WARN_QUOTED_INCLUDE_IN_FRAMEWORK_HEADER = YES;
				CLANG_WARN_RANGE_LOOP_ANALYSIS = YES;
				CLANG_WARN_STRICT_PROTOTYPES = YES;
				CLANG_WARN_SUSPICIOUS_MOVE = YES;
				CLANG_WARN_UNGUARDED_AVAILABILITY = YES_AGGRESSIVE;
				CLANG_WARN_UNREACHABLE_CODE = YES;
				CLANG_WARN__DUPLICATE_METHOD_MATCH = YES;
				COPY_PHASE_STRIP = NO;
				DEBUG_INFORMATION_FORMAT = dwarf;
				ENABLE_STRICT_OBJC_MSGSEND = YES;
				ENABLE_TESTABILITY = YES;
				ENABLE_USER_SCRIPT_SANDBOXING = YES;
				GCC_C_LANGUAGE_STANDARD = gnu17;
				GCC_DYNAMIC_NO_PIC = NO;
				GCC_NO_COMMON_BLOCKS = YES;
				GCC_OPTIMIZATION_LEVEL = 0;
				GCC_WARN_64_TO_32_BIT_CONVERSION = YES;
				GCC_WARN_ABOUT_RETURN_TYPE = YES_ERROR;
				GCC_WARN_UNDECLARED_SELECTOR = YES;
				GCC_WARN_UNINITIALIZED_AUTOS = YES_AGGRESSIVE;
				GCC_WARN_UNUSED_FUNCTION = YES;
				GCC_WARN_UNUSED_VARIABLE = YES;
				LOCALIZATION_PREFERS_STRING_CATALOGS = YES;
				MTL_ENABLE_DEBUG_INFO = INCLUDE_SOURCE;
				MTL_FAST_MATH = YES;
				ONLY_ACTIVE_ARCH = YES;
			};
			name = OpenSwiftUIDebug;
		};
		272252252BB1C655009CA741 /* OpenSwiftUIDebug */ = {
			isa = XCBuildConfiguration;
			baseConfigurationReferenceAnchor = 27E6C4F62D2842D80010502F /* Configurations */;
			baseConfigurationReferenceRelativePath = Example.xcconfig;
			buildSettings = {
				ASSETCATALOG_COMPILER_APPICON_NAME = AppIcon;
				ASSETCATALOG_COMPILER_GLOBAL_ACCENT_COLOR_NAME = AccentColor;
				CODE_SIGN_ENTITLEMENTS = Example/Example.entitlements;
				CODE_SIGN_STYLE = Automatic;
				DEVELOPMENT_ASSET_PATHS = "\"Example/Preview Content\"";
				DEVELOPMENT_TEAM = "";
				ENABLE_HARDENED_RUNTIME = YES;
				ENABLE_PREVIEWS = YES;
				GENERATE_INFOPLIST_FILE = YES;
				"INFOPLIST_KEY_UIApplicationSceneManifest_Generation[sdk=iphoneos*]" = YES;
				"INFOPLIST_KEY_UIApplicationSceneManifest_Generation[sdk=iphonesimulator*]" = YES;
				"INFOPLIST_KEY_UIApplicationSupportsIndirectInputEvents[sdk=iphoneos*]" = YES;
				"INFOPLIST_KEY_UIApplicationSupportsIndirectInputEvents[sdk=iphonesimulator*]" = YES;
				"INFOPLIST_KEY_UILaunchScreen_Generation[sdk=iphoneos*]" = YES;
				"INFOPLIST_KEY_UILaunchScreen_Generation[sdk=iphonesimulator*]" = YES;
				"INFOPLIST_KEY_UIStatusBarStyle[sdk=iphoneos*]" = UIStatusBarStyleDefault;
				"INFOPLIST_KEY_UIStatusBarStyle[sdk=iphonesimulator*]" = UIStatusBarStyleDefault;
				INFOPLIST_KEY_UISupportedInterfaceOrientations_iPad = "UIInterfaceOrientationPortrait UIInterfaceOrientationPortraitUpsideDown UIInterfaceOrientationLandscapeLeft UIInterfaceOrientationLandscapeRight";
				INFOPLIST_KEY_UISupportedInterfaceOrientations_iPhone = "UIInterfaceOrientationPortrait UIInterfaceOrientationLandscapeLeft UIInterfaceOrientationLandscapeRight";
				LD_RUNPATH_SEARCH_PATHS = "@executable_path/Frameworks";
				"LD_RUNPATH_SEARCH_PATHS[sdk=macosx*]" = "@executable_path/../Frameworks";
				PRODUCT_NAME = "$(TARGET_NAME)";
				SDKROOT = auto;
				SUPPORTED_PLATFORMS = "iphoneos iphonesimulator macosx xros xrsimulator";
				SUPPORTS_MACCATALYST = NO;
				SWIFT_EMIT_LOC_STRINGS = YES;
				TARGETED_DEVICE_FAMILY = "1,2,7";
			};
			name = OpenSwiftUIDebug;
		};
		272252262BB1C655009CA741 /* OpenSwiftUIDebug */ = {
			isa = XCBuildConfiguration;
			baseConfigurationReferenceAnchor = 27E6C4F62D2842D80010502F /* Configurations */;
			baseConfigurationReferenceRelativePath = HostingExample.xcconfig;
			buildSettings = {
				ASSETCATALOG_COMPILER_APPICON_NAME = AppIcon;
				ASSETCATALOG_COMPILER_GLOBAL_ACCENT_COLOR_NAME = AccentColor;
				CLANG_ENABLE_MODULES = YES;
				CODE_SIGN_STYLE = Automatic;
				DEVELOPMENT_TEAM = "";
				GENERATE_INFOPLIST_FILE = YES;
				INFOPLIST_FILE = HostingExample/Info.plist;
				INFOPLIST_KEY_UIApplicationSupportsIndirectInputEvents = YES;
				INFOPLIST_KEY_UILaunchStoryboardName = LaunchScreen;
				INFOPLIST_KEY_UIMainStoryboardFile = Main;
				INFOPLIST_KEY_UISupportedInterfaceOrientations_iPad = "UIInterfaceOrientationPortrait UIInterfaceOrientationPortraitUpsideDown UIInterfaceOrientationLandscapeLeft UIInterfaceOrientationLandscapeRight";
				INFOPLIST_KEY_UISupportedInterfaceOrientations_iPhone = "UIInterfaceOrientationPortrait UIInterfaceOrientationLandscapeLeft UIInterfaceOrientationLandscapeRight";
				LD_RUNPATH_SEARCH_PATHS = (
					"$(inherited)",
					"@executable_path/Frameworks",
				);
				PRODUCT_NAME = "$(TARGET_NAME)";
				REGISTER_APP_GROUPS = NO;
				SDKROOT = auto;
				SUPPORTED_PLATFORMS = "iphoneos iphonesimulator macosx xros xrsimulator";
				SUPPORTS_MACCATALYST = NO;
				SUPPORTS_MAC_DESIGNED_FOR_IPHONE_IPAD = NO;
				SUPPORTS_XR_DESIGNED_FOR_IPHONE_IPAD = NO;
				SWIFT_EMIT_LOC_STRINGS = YES;
				SWIFT_OPTIMIZATION_LEVEL = "-Onone";
				SWIFT_VERSION = 6.0;
				TARGETED_DEVICE_FAMILY = "1,2,7";
				XROS_DEPLOYMENT_TARGET = 2.0;
			};
			name = OpenSwiftUIDebug;
		};
		275751ED2DEE1442003E467C /* SwiftUIDebug */ = {
			isa = XCBuildConfiguration;
			baseConfigurationReferenceAnchor = 27E6C4F62D2842D80010502F /* Configurations */;
			baseConfigurationReferenceRelativePath = TestingHost.xcconfig;
			buildSettings = {
				ASSETCATALOG_COMPILER_APPICON_NAME = AppIcon;
				ASSETCATALOG_COMPILER_GENERATE_SWIFT_ASSET_SYMBOL_EXTENSIONS = YES;
				ASSETCATALOG_COMPILER_GLOBAL_ACCENT_COLOR_NAME = AccentColor;
				CLANG_ANALYZER_NONNULL = YES;
				CLANG_CXX_LANGUAGE_STANDARD = "gnu++20";
				CLANG_ENABLE_MODULES = YES;
				CLANG_ENABLE_OBJC_ARC = YES;
				CLANG_ENABLE_OBJC_WEAK = YES;
				CLANG_WARN_BLOCK_CAPTURE_AUTORELEASING = YES;
				CLANG_WARN_COMMA = YES;
				CLANG_WARN_DEPRECATED_OBJC_IMPLEMENTATIONS = YES;
				CLANG_WARN_DIRECT_OBJC_ISA_USAGE = YES_ERROR;
				CLANG_WARN_DOCUMENTATION_COMMENTS = YES;
				CLANG_WARN_EMPTY_BODY = YES;
				CLANG_WARN_INFINITE_RECURSION = YES;
				CLANG_WARN_OBJC_IMPLICIT_RETAIN_SELF = YES;
				CLANG_WARN_OBJC_ROOT_CLASS = YES_ERROR;
				CLANG_WARN_QUOTED_INCLUDE_IN_FRAMEWORK_HEADER = YES;
				CLANG_WARN_RANGE_LOOP_ANALYSIS = YES;
				CLANG_WARN_STRICT_PROTOTYPES = YES;
				CLANG_WARN_SUSPICIOUS_MOVE = YES;
				CLANG_WARN_UNGUARDED_AVAILABILITY = YES_AGGRESSIVE;
				CLANG_WARN_UNREACHABLE_CODE = YES;
				CLANG_WARN__DUPLICATE_METHOD_MATCH = YES;
				CODE_SIGN_STYLE = Automatic;
				COPY_PHASE_STRIP = NO;
				DEBUG_INFORMATION_FORMAT = dwarf;
				ENABLE_PREVIEWS = YES;
				ENABLE_STRICT_OBJC_MSGSEND = YES;
				ENABLE_TESTABILITY = YES;
				ENABLE_USER_SCRIPT_SANDBOXING = YES;
				GCC_C_LANGUAGE_STANDARD = gnu17;
				GCC_DYNAMIC_NO_PIC = NO;
				GCC_NO_COMMON_BLOCKS = YES;
				GCC_OPTIMIZATION_LEVEL = 0;
				GCC_WARN_ABOUT_RETURN_TYPE = YES_ERROR;
				GCC_WARN_UNDECLARED_SELECTOR = YES;
				GCC_WARN_UNINITIALIZED_AUTOS = YES_AGGRESSIVE;
				GCC_WARN_UNUSED_FUNCTION = YES;
				GCC_WARN_UNUSED_VARIABLE = YES;
				GENERATE_INFOPLIST_FILE = YES;
				"INFOPLIST_KEY_UIApplicationSceneManifest_Generation[sdk=iphoneos*]" = YES;
				"INFOPLIST_KEY_UIApplicationSceneManifest_Generation[sdk=iphonesimulator*]" = YES;
				"INFOPLIST_KEY_UIApplicationSupportsIndirectInputEvents[sdk=iphoneos*]" = YES;
				"INFOPLIST_KEY_UIApplicationSupportsIndirectInputEvents[sdk=iphonesimulator*]" = YES;
				"INFOPLIST_KEY_UILaunchScreen_Generation[sdk=iphoneos*]" = YES;
				"INFOPLIST_KEY_UILaunchScreen_Generation[sdk=iphonesimulator*]" = YES;
				"INFOPLIST_KEY_UIStatusBarStyle[sdk=iphoneos*]" = UIStatusBarStyleDefault;
				"INFOPLIST_KEY_UIStatusBarStyle[sdk=iphonesimulator*]" = UIStatusBarStyleDefault;
				INFOPLIST_KEY_UISupportedInterfaceOrientations_iPad = "UIInterfaceOrientationPortrait UIInterfaceOrientationPortraitUpsideDown UIInterfaceOrientationLandscapeLeft UIInterfaceOrientationLandscapeRight";
				INFOPLIST_KEY_UISupportedInterfaceOrientations_iPhone = "UIInterfaceOrientationPortrait UIInterfaceOrientationLandscapeLeft UIInterfaceOrientationLandscapeRight";
				LD_RUNPATH_SEARCH_PATHS = "@executable_path/Frameworks";
				"LD_RUNPATH_SEARCH_PATHS[sdk=macosx*]" = "@executable_path/../Frameworks";
				LOCALIZATION_PREFERS_STRING_CATALOGS = YES;
				MTL_ENABLE_DEBUG_INFO = INCLUDE_SOURCE;
				MTL_FAST_MATH = YES;
				ONLY_ACTIVE_ARCH = YES;
				PRODUCT_NAME = "$(TARGET_NAME)";
				REGISTER_APP_GROUPS = YES;
				SDKROOT = auto;
				SUPPORTED_PLATFORMS = "iphoneos iphonesimulator macosx xros xrsimulator";
				SUPPORTS_MACCATALYST = NO;
				SWIFT_EMIT_LOC_STRINGS = YES;
				TARGETED_DEVICE_FAMILY = "1,2,7";
			};
			name = SwiftUIDebug;
		};
		275751EE2DEE1442003E467C /* SwiftUIRelease */ = {
			isa = XCBuildConfiguration;
			baseConfigurationReferenceAnchor = 27E6C4F62D2842D80010502F /* Configurations */;
			baseConfigurationReferenceRelativePath = TestingHost.xcconfig;
			buildSettings = {
				ASSETCATALOG_COMPILER_APPICON_NAME = AppIcon;
				ASSETCATALOG_COMPILER_GENERATE_SWIFT_ASSET_SYMBOL_EXTENSIONS = YES;
				ASSETCATALOG_COMPILER_GLOBAL_ACCENT_COLOR_NAME = AccentColor;
				CLANG_ANALYZER_NONNULL = YES;
				CLANG_CXX_LANGUAGE_STANDARD = "gnu++20";
				CLANG_ENABLE_MODULES = YES;
				CLANG_ENABLE_OBJC_ARC = YES;
				CLANG_ENABLE_OBJC_WEAK = YES;
				CLANG_WARN_BLOCK_CAPTURE_AUTORELEASING = YES;
				CLANG_WARN_COMMA = YES;
				CLANG_WARN_DEPRECATED_OBJC_IMPLEMENTATIONS = YES;
				CLANG_WARN_DIRECT_OBJC_ISA_USAGE = YES_ERROR;
				CLANG_WARN_DOCUMENTATION_COMMENTS = YES;
				CLANG_WARN_EMPTY_BODY = YES;
				CLANG_WARN_INFINITE_RECURSION = YES;
				CLANG_WARN_OBJC_IMPLICIT_RETAIN_SELF = YES;
				CLANG_WARN_OBJC_ROOT_CLASS = YES_ERROR;
				CLANG_WARN_QUOTED_INCLUDE_IN_FRAMEWORK_HEADER = YES;
				CLANG_WARN_RANGE_LOOP_ANALYSIS = YES;
				CLANG_WARN_STRICT_PROTOTYPES = YES;
				CLANG_WARN_SUSPICIOUS_MOVE = YES;
				CLANG_WARN_UNGUARDED_AVAILABILITY = YES_AGGRESSIVE;
				CLANG_WARN_UNREACHABLE_CODE = YES;
				CLANG_WARN__DUPLICATE_METHOD_MATCH = YES;
				CODE_SIGN_STYLE = Automatic;
				COPY_PHASE_STRIP = NO;
				DEBUG_INFORMATION_FORMAT = "dwarf-with-dsym";
				ENABLE_NS_ASSERTIONS = NO;
				ENABLE_PREVIEWS = YES;
				ENABLE_STRICT_OBJC_MSGSEND = YES;
				ENABLE_USER_SCRIPT_SANDBOXING = YES;
				GCC_C_LANGUAGE_STANDARD = gnu17;
				GCC_NO_COMMON_BLOCKS = YES;
				GCC_WARN_ABOUT_RETURN_TYPE = YES_ERROR;
				GCC_WARN_UNDECLARED_SELECTOR = YES;
				GCC_WARN_UNINITIALIZED_AUTOS = YES_AGGRESSIVE;
				GCC_WARN_UNUSED_FUNCTION = YES;
				GCC_WARN_UNUSED_VARIABLE = YES;
				GENERATE_INFOPLIST_FILE = YES;
				"INFOPLIST_KEY_UIApplicationSceneManifest_Generation[sdk=iphoneos*]" = YES;
				"INFOPLIST_KEY_UIApplicationSceneManifest_Generation[sdk=iphonesimulator*]" = YES;
				"INFOPLIST_KEY_UIApplicationSupportsIndirectInputEvents[sdk=iphoneos*]" = YES;
				"INFOPLIST_KEY_UIApplicationSupportsIndirectInputEvents[sdk=iphonesimulator*]" = YES;
				"INFOPLIST_KEY_UILaunchScreen_Generation[sdk=iphoneos*]" = YES;
				"INFOPLIST_KEY_UILaunchScreen_Generation[sdk=iphonesimulator*]" = YES;
				"INFOPLIST_KEY_UIStatusBarStyle[sdk=iphoneos*]" = UIStatusBarStyleDefault;
				"INFOPLIST_KEY_UIStatusBarStyle[sdk=iphonesimulator*]" = UIStatusBarStyleDefault;
				INFOPLIST_KEY_UISupportedInterfaceOrientations_iPad = "UIInterfaceOrientationPortrait UIInterfaceOrientationPortraitUpsideDown UIInterfaceOrientationLandscapeLeft UIInterfaceOrientationLandscapeRight";
				INFOPLIST_KEY_UISupportedInterfaceOrientations_iPhone = "UIInterfaceOrientationPortrait UIInterfaceOrientationLandscapeLeft UIInterfaceOrientationLandscapeRight";
				LD_RUNPATH_SEARCH_PATHS = "@executable_path/Frameworks";
				"LD_RUNPATH_SEARCH_PATHS[sdk=macosx*]" = "@executable_path/../Frameworks";
				LOCALIZATION_PREFERS_STRING_CATALOGS = YES;
				MTL_ENABLE_DEBUG_INFO = NO;
				MTL_FAST_MATH = YES;
				PRODUCT_NAME = "$(TARGET_NAME)";
				REGISTER_APP_GROUPS = YES;
				SDKROOT = auto;
				SUPPORTED_PLATFORMS = "iphoneos iphonesimulator macosx xros xrsimulator";
				SUPPORTS_MACCATALYST = NO;
				SWIFT_COMPILATION_MODE = wholemodule;
				SWIFT_EMIT_LOC_STRINGS = YES;
				TARGETED_DEVICE_FAMILY = "1,2,7";
			};
			name = SwiftUIRelease;
		};
		275751EF2DEE1442003E467C /* OpenSwiftUIDebug */ = {
			isa = XCBuildConfiguration;
			baseConfigurationReferenceAnchor = 27E6C4F62D2842D80010502F /* Configurations */;
			baseConfigurationReferenceRelativePath = TestingHost.xcconfig;
			buildSettings = {
				ASSETCATALOG_COMPILER_APPICON_NAME = AppIcon;
				ASSETCATALOG_COMPILER_GENERATE_SWIFT_ASSET_SYMBOL_EXTENSIONS = YES;
				ASSETCATALOG_COMPILER_GLOBAL_ACCENT_COLOR_NAME = AccentColor;
				CLANG_ANALYZER_NONNULL = YES;
				CLANG_CXX_LANGUAGE_STANDARD = "gnu++20";
				CLANG_ENABLE_MODULES = YES;
				CLANG_ENABLE_OBJC_ARC = YES;
				CLANG_ENABLE_OBJC_WEAK = YES;
				CLANG_WARN_BLOCK_CAPTURE_AUTORELEASING = YES;
				CLANG_WARN_COMMA = YES;
				CLANG_WARN_DEPRECATED_OBJC_IMPLEMENTATIONS = YES;
				CLANG_WARN_DIRECT_OBJC_ISA_USAGE = YES_ERROR;
				CLANG_WARN_DOCUMENTATION_COMMENTS = YES;
				CLANG_WARN_EMPTY_BODY = YES;
				CLANG_WARN_INFINITE_RECURSION = YES;
				CLANG_WARN_OBJC_IMPLICIT_RETAIN_SELF = YES;
				CLANG_WARN_OBJC_ROOT_CLASS = YES_ERROR;
				CLANG_WARN_QUOTED_INCLUDE_IN_FRAMEWORK_HEADER = YES;
				CLANG_WARN_RANGE_LOOP_ANALYSIS = YES;
				CLANG_WARN_STRICT_PROTOTYPES = YES;
				CLANG_WARN_SUSPICIOUS_MOVE = YES;
				CLANG_WARN_UNGUARDED_AVAILABILITY = YES_AGGRESSIVE;
				CLANG_WARN_UNREACHABLE_CODE = YES;
				CLANG_WARN__DUPLICATE_METHOD_MATCH = YES;
				CODE_SIGN_STYLE = Automatic;
				COPY_PHASE_STRIP = NO;
				DEBUG_INFORMATION_FORMAT = "dwarf-with-dsym";
				ENABLE_NS_ASSERTIONS = NO;
				ENABLE_PREVIEWS = YES;
				ENABLE_STRICT_OBJC_MSGSEND = YES;
				ENABLE_USER_SCRIPT_SANDBOXING = YES;
				GCC_C_LANGUAGE_STANDARD = gnu17;
				GCC_NO_COMMON_BLOCKS = YES;
				GCC_WARN_ABOUT_RETURN_TYPE = YES_ERROR;
				GCC_WARN_UNDECLARED_SELECTOR = YES;
				GCC_WARN_UNINITIALIZED_AUTOS = YES_AGGRESSIVE;
				GCC_WARN_UNUSED_FUNCTION = YES;
				GCC_WARN_UNUSED_VARIABLE = YES;
				GENERATE_INFOPLIST_FILE = YES;
				"INFOPLIST_KEY_UIApplicationSceneManifest_Generation[sdk=iphoneos*]" = YES;
				"INFOPLIST_KEY_UIApplicationSceneManifest_Generation[sdk=iphonesimulator*]" = YES;
				"INFOPLIST_KEY_UIApplicationSupportsIndirectInputEvents[sdk=iphoneos*]" = YES;
				"INFOPLIST_KEY_UIApplicationSupportsIndirectInputEvents[sdk=iphonesimulator*]" = YES;
				"INFOPLIST_KEY_UILaunchScreen_Generation[sdk=iphoneos*]" = YES;
				"INFOPLIST_KEY_UILaunchScreen_Generation[sdk=iphonesimulator*]" = YES;
				"INFOPLIST_KEY_UIStatusBarStyle[sdk=iphoneos*]" = UIStatusBarStyleDefault;
				"INFOPLIST_KEY_UIStatusBarStyle[sdk=iphonesimulator*]" = UIStatusBarStyleDefault;
				INFOPLIST_KEY_UISupportedInterfaceOrientations_iPad = "UIInterfaceOrientationPortrait UIInterfaceOrientationPortraitUpsideDown UIInterfaceOrientationLandscapeLeft UIInterfaceOrientationLandscapeRight";
				INFOPLIST_KEY_UISupportedInterfaceOrientations_iPhone = "UIInterfaceOrientationPortrait UIInterfaceOrientationLandscapeLeft UIInterfaceOrientationLandscapeRight";
				LD_RUNPATH_SEARCH_PATHS = "@executable_path/Frameworks";
				"LD_RUNPATH_SEARCH_PATHS[sdk=macosx*]" = "@executable_path/../Frameworks";
				LOCALIZATION_PREFERS_STRING_CATALOGS = YES;
				MTL_ENABLE_DEBUG_INFO = NO;
				MTL_FAST_MATH = YES;
				PRODUCT_NAME = "$(TARGET_NAME)";
				REGISTER_APP_GROUPS = YES;
				SDKROOT = auto;
				SUPPORTED_PLATFORMS = "iphoneos iphonesimulator macosx xros xrsimulator";
				SUPPORTS_MACCATALYST = NO;
				SWIFT_COMPILATION_MODE = wholemodule;
				SWIFT_EMIT_LOC_STRINGS = YES;
				TARGETED_DEVICE_FAMILY = "1,2,7";
			};
			name = OpenSwiftUIDebug;
		};
		275751F02DEE1442003E467C /* OpenSwiftUIRelease */ = {
			isa = XCBuildConfiguration;
			baseConfigurationReferenceAnchor = 27E6C4F62D2842D80010502F /* Configurations */;
			baseConfigurationReferenceRelativePath = TestingHost.xcconfig;
			buildSettings = {
				ASSETCATALOG_COMPILER_APPICON_NAME = AppIcon;
				ASSETCATALOG_COMPILER_GENERATE_SWIFT_ASSET_SYMBOL_EXTENSIONS = YES;
				ASSETCATALOG_COMPILER_GLOBAL_ACCENT_COLOR_NAME = AccentColor;
				CLANG_ANALYZER_NONNULL = YES;
				CLANG_CXX_LANGUAGE_STANDARD = "gnu++20";
				CLANG_ENABLE_MODULES = YES;
				CLANG_ENABLE_OBJC_ARC = YES;
				CLANG_ENABLE_OBJC_WEAK = YES;
				CLANG_WARN_BLOCK_CAPTURE_AUTORELEASING = YES;
				CLANG_WARN_COMMA = YES;
				CLANG_WARN_DEPRECATED_OBJC_IMPLEMENTATIONS = YES;
				CLANG_WARN_DIRECT_OBJC_ISA_USAGE = YES_ERROR;
				CLANG_WARN_DOCUMENTATION_COMMENTS = YES;
				CLANG_WARN_EMPTY_BODY = YES;
				CLANG_WARN_INFINITE_RECURSION = YES;
				CLANG_WARN_OBJC_IMPLICIT_RETAIN_SELF = YES;
				CLANG_WARN_OBJC_ROOT_CLASS = YES_ERROR;
				CLANG_WARN_QUOTED_INCLUDE_IN_FRAMEWORK_HEADER = YES;
				CLANG_WARN_RANGE_LOOP_ANALYSIS = YES;
				CLANG_WARN_STRICT_PROTOTYPES = YES;
				CLANG_WARN_SUSPICIOUS_MOVE = YES;
				CLANG_WARN_UNGUARDED_AVAILABILITY = YES_AGGRESSIVE;
				CLANG_WARN_UNREACHABLE_CODE = YES;
				CLANG_WARN__DUPLICATE_METHOD_MATCH = YES;
				CODE_SIGN_STYLE = Automatic;
				COPY_PHASE_STRIP = NO;
				DEBUG_INFORMATION_FORMAT = "dwarf-with-dsym";
				ENABLE_NS_ASSERTIONS = NO;
				ENABLE_PREVIEWS = YES;
				ENABLE_STRICT_OBJC_MSGSEND = YES;
				ENABLE_USER_SCRIPT_SANDBOXING = YES;
				GCC_C_LANGUAGE_STANDARD = gnu17;
				GCC_NO_COMMON_BLOCKS = YES;
				GCC_WARN_ABOUT_RETURN_TYPE = YES_ERROR;
				GCC_WARN_UNDECLARED_SELECTOR = YES;
				GCC_WARN_UNINITIALIZED_AUTOS = YES_AGGRESSIVE;
				GCC_WARN_UNUSED_FUNCTION = YES;
				GCC_WARN_UNUSED_VARIABLE = YES;
				GENERATE_INFOPLIST_FILE = YES;
				"INFOPLIST_KEY_UIApplicationSceneManifest_Generation[sdk=iphoneos*]" = YES;
				"INFOPLIST_KEY_UIApplicationSceneManifest_Generation[sdk=iphonesimulator*]" = YES;
				"INFOPLIST_KEY_UIApplicationSupportsIndirectInputEvents[sdk=iphoneos*]" = YES;
				"INFOPLIST_KEY_UIApplicationSupportsIndirectInputEvents[sdk=iphonesimulator*]" = YES;
				"INFOPLIST_KEY_UILaunchScreen_Generation[sdk=iphoneos*]" = YES;
				"INFOPLIST_KEY_UILaunchScreen_Generation[sdk=iphonesimulator*]" = YES;
				"INFOPLIST_KEY_UIStatusBarStyle[sdk=iphoneos*]" = UIStatusBarStyleDefault;
				"INFOPLIST_KEY_UIStatusBarStyle[sdk=iphonesimulator*]" = UIStatusBarStyleDefault;
				INFOPLIST_KEY_UISupportedInterfaceOrientations_iPad = "UIInterfaceOrientationPortrait UIInterfaceOrientationPortraitUpsideDown UIInterfaceOrientationLandscapeLeft UIInterfaceOrientationLandscapeRight";
				INFOPLIST_KEY_UISupportedInterfaceOrientations_iPhone = "UIInterfaceOrientationPortrait UIInterfaceOrientationLandscapeLeft UIInterfaceOrientationLandscapeRight";
				LD_RUNPATH_SEARCH_PATHS = "@executable_path/Frameworks";
				"LD_RUNPATH_SEARCH_PATHS[sdk=macosx*]" = "@executable_path/../Frameworks";
				LOCALIZATION_PREFERS_STRING_CATALOGS = YES;
				MTL_ENABLE_DEBUG_INFO = NO;
				MTL_FAST_MATH = YES;
				PRODUCT_NAME = "$(TARGET_NAME)";
				REGISTER_APP_GROUPS = YES;
				SDKROOT = auto;
				SUPPORTED_PLATFORMS = "iphoneos iphonesimulator macosx xros xrsimulator";
				SUPPORTS_MACCATALYST = NO;
				SWIFT_COMPILATION_MODE = wholemodule;
				SWIFT_EMIT_LOC_STRINGS = YES;
				TARGETED_DEVICE_FAMILY = "1,2,7";
			};
			name = OpenSwiftUIRelease;
		};
		278A031C2BD6DD7200ED4DAE /* SwiftUIRelease */ = {
			isa = XCBuildConfiguration;
			baseConfigurationReferenceAnchor = 27E6C4F62D2842D80010502F /* Configurations */;
			baseConfigurationReferenceRelativePath = "Shared/SwiftUI-release.xcconfig";
			buildSettings = {
				ALWAYS_SEARCH_USER_PATHS = NO;
				ASSETCATALOG_COMPILER_GENERATE_SWIFT_ASSET_SYMBOL_EXTENSIONS = YES;
				CLANG_ANALYZER_NONNULL = YES;
				CLANG_ANALYZER_NUMBER_OBJECT_CONVERSION = YES_AGGRESSIVE;
				CLANG_CXX_LANGUAGE_STANDARD = "gnu++20";
				CLANG_ENABLE_MODULES = YES;
				CLANG_ENABLE_OBJC_ARC = YES;
				CLANG_ENABLE_OBJC_WEAK = YES;
				CLANG_WARN_BLOCK_CAPTURE_AUTORELEASING = YES;
				CLANG_WARN_BOOL_CONVERSION = YES;
				CLANG_WARN_COMMA = YES;
				CLANG_WARN_CONSTANT_CONVERSION = YES;
				CLANG_WARN_DEPRECATED_OBJC_IMPLEMENTATIONS = YES;
				CLANG_WARN_DIRECT_OBJC_ISA_USAGE = YES_ERROR;
				CLANG_WARN_DOCUMENTATION_COMMENTS = YES;
				CLANG_WARN_EMPTY_BODY = YES;
				CLANG_WARN_ENUM_CONVERSION = YES;
				CLANG_WARN_INFINITE_RECURSION = YES;
				CLANG_WARN_INT_CONVERSION = YES;
				CLANG_WARN_NON_LITERAL_NULL_CONVERSION = YES;
				CLANG_WARN_OBJC_IMPLICIT_RETAIN_SELF = YES;
				CLANG_WARN_OBJC_LITERAL_CONVERSION = YES;
				CLANG_WARN_OBJC_ROOT_CLASS = YES_ERROR;
				CLANG_WARN_QUOTED_INCLUDE_IN_FRAMEWORK_HEADER = YES;
				CLANG_WARN_RANGE_LOOP_ANALYSIS = YES;
				CLANG_WARN_STRICT_PROTOTYPES = YES;
				CLANG_WARN_SUSPICIOUS_MOVE = YES;
				CLANG_WARN_UNGUARDED_AVAILABILITY = YES_AGGRESSIVE;
				CLANG_WARN_UNREACHABLE_CODE = YES;
				CLANG_WARN__DUPLICATE_METHOD_MATCH = YES;
				COPY_PHASE_STRIP = NO;
				DEBUG_INFORMATION_FORMAT = dwarf;
				ENABLE_STRICT_OBJC_MSGSEND = YES;
				ENABLE_TESTABILITY = YES;
				ENABLE_USER_SCRIPT_SANDBOXING = YES;
				GCC_C_LANGUAGE_STANDARD = gnu17;
				GCC_DYNAMIC_NO_PIC = NO;
				GCC_NO_COMMON_BLOCKS = YES;
				GCC_OPTIMIZATION_LEVEL = 0;
				GCC_WARN_64_TO_32_BIT_CONVERSION = YES;
				GCC_WARN_ABOUT_RETURN_TYPE = YES_ERROR;
				GCC_WARN_UNDECLARED_SELECTOR = YES;
				GCC_WARN_UNINITIALIZED_AUTOS = YES_AGGRESSIVE;
				GCC_WARN_UNUSED_FUNCTION = YES;
				GCC_WARN_UNUSED_VARIABLE = YES;
				LOCALIZATION_PREFERS_STRING_CATALOGS = YES;
				MTL_ENABLE_DEBUG_INFO = INCLUDE_SOURCE;
				MTL_FAST_MATH = YES;
				ONLY_ACTIVE_ARCH = YES;
			};
			name = SwiftUIRelease;
		};
		278A031D2BD6DD7200ED4DAE /* SwiftUIRelease */ = {
			isa = XCBuildConfiguration;
			baseConfigurationReferenceAnchor = 27E6C4F62D2842D80010502F /* Configurations */;
			baseConfigurationReferenceRelativePath = Example.xcconfig;
			buildSettings = {
				ASSETCATALOG_COMPILER_APPICON_NAME = AppIcon;
				ASSETCATALOG_COMPILER_GLOBAL_ACCENT_COLOR_NAME = AccentColor;
				CODE_SIGN_ENTITLEMENTS = Example/Example.entitlements;
				CODE_SIGN_STYLE = Automatic;
				DEVELOPMENT_ASSET_PATHS = "\"Example/Preview Content\"";
				DEVELOPMENT_TEAM = "";
				ENABLE_HARDENED_RUNTIME = YES;
				ENABLE_PREVIEWS = YES;
				GENERATE_INFOPLIST_FILE = YES;
				"INFOPLIST_KEY_UIApplicationSceneManifest_Generation[sdk=iphoneos*]" = YES;
				"INFOPLIST_KEY_UIApplicationSceneManifest_Generation[sdk=iphonesimulator*]" = YES;
				"INFOPLIST_KEY_UIApplicationSupportsIndirectInputEvents[sdk=iphoneos*]" = YES;
				"INFOPLIST_KEY_UIApplicationSupportsIndirectInputEvents[sdk=iphonesimulator*]" = YES;
				"INFOPLIST_KEY_UILaunchScreen_Generation[sdk=iphoneos*]" = YES;
				"INFOPLIST_KEY_UILaunchScreen_Generation[sdk=iphonesimulator*]" = YES;
				"INFOPLIST_KEY_UIStatusBarStyle[sdk=iphoneos*]" = UIStatusBarStyleDefault;
				"INFOPLIST_KEY_UIStatusBarStyle[sdk=iphonesimulator*]" = UIStatusBarStyleDefault;
				INFOPLIST_KEY_UISupportedInterfaceOrientations_iPad = "UIInterfaceOrientationPortrait UIInterfaceOrientationPortraitUpsideDown UIInterfaceOrientationLandscapeLeft UIInterfaceOrientationLandscapeRight";
				INFOPLIST_KEY_UISupportedInterfaceOrientations_iPhone = "UIInterfaceOrientationPortrait UIInterfaceOrientationLandscapeLeft UIInterfaceOrientationLandscapeRight";
				LD_RUNPATH_SEARCH_PATHS = "@executable_path/Frameworks";
				"LD_RUNPATH_SEARCH_PATHS[sdk=macosx*]" = "@executable_path/../Frameworks";
				PRODUCT_NAME = "$(TARGET_NAME)";
				SDKROOT = auto;
				SUPPORTED_PLATFORMS = "iphoneos iphonesimulator macosx xros xrsimulator";
				SUPPORTS_MACCATALYST = NO;
				SWIFT_EMIT_LOC_STRINGS = YES;
				TARGETED_DEVICE_FAMILY = "1,2,7";
			};
			name = SwiftUIRelease;
		};
		278A031E2BD6DD7200ED4DAE /* SwiftUIRelease */ = {
			isa = XCBuildConfiguration;
			baseConfigurationReferenceAnchor = 27E6C4F62D2842D80010502F /* Configurations */;
			baseConfigurationReferenceRelativePath = HostingExample.xcconfig;
			buildSettings = {
				ASSETCATALOG_COMPILER_APPICON_NAME = AppIcon;
				ASSETCATALOG_COMPILER_GLOBAL_ACCENT_COLOR_NAME = AccentColor;
				CLANG_ENABLE_MODULES = YES;
				CODE_SIGN_STYLE = Automatic;
				DEVELOPMENT_TEAM = "";
				GENERATE_INFOPLIST_FILE = YES;
				INFOPLIST_FILE = HostingExample/Info.plist;
				INFOPLIST_KEY_UIApplicationSupportsIndirectInputEvents = YES;
				INFOPLIST_KEY_UILaunchStoryboardName = LaunchScreen;
				INFOPLIST_KEY_UIMainStoryboardFile = Main;
				INFOPLIST_KEY_UISupportedInterfaceOrientations_iPad = "UIInterfaceOrientationPortrait UIInterfaceOrientationPortraitUpsideDown UIInterfaceOrientationLandscapeLeft UIInterfaceOrientationLandscapeRight";
				INFOPLIST_KEY_UISupportedInterfaceOrientations_iPhone = "UIInterfaceOrientationPortrait UIInterfaceOrientationLandscapeLeft UIInterfaceOrientationLandscapeRight";
				LD_RUNPATH_SEARCH_PATHS = (
					"$(inherited)",
					"@executable_path/Frameworks",
				);
				PRODUCT_NAME = "$(TARGET_NAME)";
				REGISTER_APP_GROUPS = NO;
				SDKROOT = auto;
				SUPPORTED_PLATFORMS = "iphoneos iphonesimulator macosx xros xrsimulator";
				SUPPORTS_MACCATALYST = NO;
				SUPPORTS_MAC_DESIGNED_FOR_IPHONE_IPAD = NO;
				SUPPORTS_XR_DESIGNED_FOR_IPHONE_IPAD = NO;
				SWIFT_EMIT_LOC_STRINGS = YES;
				SWIFT_OPTIMIZATION_LEVEL = "-Onone";
				SWIFT_VERSION = 6.0;
				TARGETED_DEVICE_FAMILY = "1,2,7";
				XROS_DEPLOYMENT_TARGET = 2.0;
			};
			name = SwiftUIRelease;
		};
		278A031F2BD6DD9D00ED4DAE /* OpenSwiftUIRelease */ = {
			isa = XCBuildConfiguration;
			baseConfigurationReferenceAnchor = 27E6C4F62D2842D80010502F /* Configurations */;
			baseConfigurationReferenceRelativePath = "Shared/OpenSwiftUI-release.xcconfig";
			buildSettings = {
				ALWAYS_SEARCH_USER_PATHS = NO;
				ASSETCATALOG_COMPILER_GENERATE_SWIFT_ASSET_SYMBOL_EXTENSIONS = YES;
				CLANG_ANALYZER_NONNULL = YES;
				CLANG_ANALYZER_NUMBER_OBJECT_CONVERSION = YES_AGGRESSIVE;
				CLANG_CXX_LANGUAGE_STANDARD = "gnu++20";
				CLANG_ENABLE_MODULES = YES;
				CLANG_ENABLE_OBJC_ARC = YES;
				CLANG_ENABLE_OBJC_WEAK = YES;
				CLANG_WARN_BLOCK_CAPTURE_AUTORELEASING = YES;
				CLANG_WARN_BOOL_CONVERSION = YES;
				CLANG_WARN_COMMA = YES;
				CLANG_WARN_CONSTANT_CONVERSION = YES;
				CLANG_WARN_DEPRECATED_OBJC_IMPLEMENTATIONS = YES;
				CLANG_WARN_DIRECT_OBJC_ISA_USAGE = YES_ERROR;
				CLANG_WARN_DOCUMENTATION_COMMENTS = YES;
				CLANG_WARN_EMPTY_BODY = YES;
				CLANG_WARN_ENUM_CONVERSION = YES;
				CLANG_WARN_INFINITE_RECURSION = YES;
				CLANG_WARN_INT_CONVERSION = YES;
				CLANG_WARN_NON_LITERAL_NULL_CONVERSION = YES;
				CLANG_WARN_OBJC_IMPLICIT_RETAIN_SELF = YES;
				CLANG_WARN_OBJC_LITERAL_CONVERSION = YES;
				CLANG_WARN_OBJC_ROOT_CLASS = YES_ERROR;
				CLANG_WARN_QUOTED_INCLUDE_IN_FRAMEWORK_HEADER = YES;
				CLANG_WARN_RANGE_LOOP_ANALYSIS = YES;
				CLANG_WARN_STRICT_PROTOTYPES = YES;
				CLANG_WARN_SUSPICIOUS_MOVE = YES;
				CLANG_WARN_UNGUARDED_AVAILABILITY = YES_AGGRESSIVE;
				CLANG_WARN_UNREACHABLE_CODE = YES;
				CLANG_WARN__DUPLICATE_METHOD_MATCH = YES;
				COPY_PHASE_STRIP = NO;
				DEBUG_INFORMATION_FORMAT = dwarf;
				ENABLE_STRICT_OBJC_MSGSEND = YES;
				ENABLE_TESTABILITY = YES;
				ENABLE_USER_SCRIPT_SANDBOXING = YES;
				GCC_C_LANGUAGE_STANDARD = gnu17;
				GCC_DYNAMIC_NO_PIC = NO;
				GCC_NO_COMMON_BLOCKS = YES;
				GCC_OPTIMIZATION_LEVEL = 0;
				GCC_WARN_64_TO_32_BIT_CONVERSION = YES;
				GCC_WARN_ABOUT_RETURN_TYPE = YES_ERROR;
				GCC_WARN_UNDECLARED_SELECTOR = YES;
				GCC_WARN_UNINITIALIZED_AUTOS = YES_AGGRESSIVE;
				GCC_WARN_UNUSED_FUNCTION = YES;
				GCC_WARN_UNUSED_VARIABLE = YES;
				LOCALIZATION_PREFERS_STRING_CATALOGS = YES;
				MTL_ENABLE_DEBUG_INFO = INCLUDE_SOURCE;
				MTL_FAST_MATH = YES;
				ONLY_ACTIVE_ARCH = YES;
			};
			name = OpenSwiftUIRelease;
		};
		278A03202BD6DD9D00ED4DAE /* OpenSwiftUIRelease */ = {
			isa = XCBuildConfiguration;
			baseConfigurationReferenceAnchor = 27E6C4F62D2842D80010502F /* Configurations */;
			baseConfigurationReferenceRelativePath = Example.xcconfig;
			buildSettings = {
				ASSETCATALOG_COMPILER_APPICON_NAME = AppIcon;
				ASSETCATALOG_COMPILER_GLOBAL_ACCENT_COLOR_NAME = AccentColor;
				CODE_SIGN_ENTITLEMENTS = Example/Example.entitlements;
				CODE_SIGN_STYLE = Automatic;
				DEVELOPMENT_ASSET_PATHS = "\"Example/Preview Content\"";
				DEVELOPMENT_TEAM = "";
				ENABLE_HARDENED_RUNTIME = YES;
				ENABLE_PREVIEWS = YES;
				GENERATE_INFOPLIST_FILE = YES;
				"INFOPLIST_KEY_UIApplicationSceneManifest_Generation[sdk=iphoneos*]" = YES;
				"INFOPLIST_KEY_UIApplicationSceneManifest_Generation[sdk=iphonesimulator*]" = YES;
				"INFOPLIST_KEY_UIApplicationSupportsIndirectInputEvents[sdk=iphoneos*]" = YES;
				"INFOPLIST_KEY_UIApplicationSupportsIndirectInputEvents[sdk=iphonesimulator*]" = YES;
				"INFOPLIST_KEY_UILaunchScreen_Generation[sdk=iphoneos*]" = YES;
				"INFOPLIST_KEY_UILaunchScreen_Generation[sdk=iphonesimulator*]" = YES;
				"INFOPLIST_KEY_UIStatusBarStyle[sdk=iphoneos*]" = UIStatusBarStyleDefault;
				"INFOPLIST_KEY_UIStatusBarStyle[sdk=iphonesimulator*]" = UIStatusBarStyleDefault;
				INFOPLIST_KEY_UISupportedInterfaceOrientations_iPad = "UIInterfaceOrientationPortrait UIInterfaceOrientationPortraitUpsideDown UIInterfaceOrientationLandscapeLeft UIInterfaceOrientationLandscapeRight";
				INFOPLIST_KEY_UISupportedInterfaceOrientations_iPhone = "UIInterfaceOrientationPortrait UIInterfaceOrientationLandscapeLeft UIInterfaceOrientationLandscapeRight";
				LD_RUNPATH_SEARCH_PATHS = "@executable_path/Frameworks";
				"LD_RUNPATH_SEARCH_PATHS[sdk=macosx*]" = "@executable_path/../Frameworks";
				PRODUCT_NAME = "$(TARGET_NAME)";
				SDKROOT = auto;
				SUPPORTED_PLATFORMS = "iphoneos iphonesimulator macosx xros xrsimulator";
				SUPPORTS_MACCATALYST = NO;
				SWIFT_EMIT_LOC_STRINGS = YES;
				TARGETED_DEVICE_FAMILY = "1,2,7";
			};
			name = OpenSwiftUIRelease;
		};
		278A03212BD6DD9D00ED4DAE /* OpenSwiftUIRelease */ = {
			isa = XCBuildConfiguration;
			baseConfigurationReferenceAnchor = 27E6C4F62D2842D80010502F /* Configurations */;
			baseConfigurationReferenceRelativePath = HostingExample.xcconfig;
			buildSettings = {
				ASSETCATALOG_COMPILER_APPICON_NAME = AppIcon;
				ASSETCATALOG_COMPILER_GLOBAL_ACCENT_COLOR_NAME = AccentColor;
				CLANG_ENABLE_MODULES = YES;
				CODE_SIGN_STYLE = Automatic;
				DEVELOPMENT_TEAM = "";
				GENERATE_INFOPLIST_FILE = YES;
				INFOPLIST_FILE = HostingExample/Info.plist;
				INFOPLIST_KEY_UIApplicationSupportsIndirectInputEvents = YES;
				INFOPLIST_KEY_UILaunchStoryboardName = LaunchScreen;
				INFOPLIST_KEY_UIMainStoryboardFile = Main;
				INFOPLIST_KEY_UISupportedInterfaceOrientations_iPad = "UIInterfaceOrientationPortrait UIInterfaceOrientationPortraitUpsideDown UIInterfaceOrientationLandscapeLeft UIInterfaceOrientationLandscapeRight";
				INFOPLIST_KEY_UISupportedInterfaceOrientations_iPhone = "UIInterfaceOrientationPortrait UIInterfaceOrientationLandscapeLeft UIInterfaceOrientationLandscapeRight";
				LD_RUNPATH_SEARCH_PATHS = (
					"$(inherited)",
					"@executable_path/Frameworks",
				);
				PRODUCT_NAME = "$(TARGET_NAME)";
				REGISTER_APP_GROUPS = NO;
				SDKROOT = auto;
				SUPPORTED_PLATFORMS = "iphoneos iphonesimulator macosx xros xrsimulator";
				SUPPORTS_MACCATALYST = NO;
				SUPPORTS_MAC_DESIGNED_FOR_IPHONE_IPAD = NO;
				SUPPORTS_XR_DESIGNED_FOR_IPHONE_IPAD = NO;
				SWIFT_EMIT_LOC_STRINGS = YES;
				SWIFT_OPTIMIZATION_LEVEL = "-Onone";
				SWIFT_VERSION = 6.0;
				TARGETED_DEVICE_FAMILY = "1,2,7";
				XROS_DEPLOYMENT_TARGET = 2.0;
			};
			name = OpenSwiftUIRelease;
		};
		279283C02DFF11CE00234D64 /* SwiftUIDebug */ = {
			isa = XCBuildConfiguration;
			baseConfigurationReferenceAnchor = 27E6C4F62D2842D80010502F /* Configurations */;
			baseConfigurationReferenceRelativePath = OpenSwiftUIUITests.xcconfig;
			buildSettings = {
				BUNDLE_LOADER = "$(TEST_HOST)";
				CODE_SIGN_STYLE = Automatic;
				DEBUG_INFORMATION_FORMAT = dwarf;
				ENABLE_TESTABILITY = YES;
				ENABLE_USER_SCRIPT_SANDBOXING = YES;
				GENERATE_INFOPLIST_FILE = YES;
				LOCALIZATION_PREFERS_STRING_CATALOGS = YES;
				ONLY_ACTIVE_ARCH = YES;
				PRODUCT_BUNDLE_IDENTIFIER = org.OpenSwiftUI.OpenSwiftUIUITests;
				PRODUCT_NAME = "$(TARGET_NAME)";
				SDKROOT = auto;
				SUPPORTED_PLATFORMS = "iphoneos iphonesimulator macosx xros xrsimulator";
				SUPPORTS_MACCATALYST = NO;
				SWIFT_EMIT_LOC_STRINGS = NO;
				TARGETED_DEVICE_FAMILY = "1,2,7";
				TEST_HOST = "$(BUILT_PRODUCTS_DIR)/TestingHost.app/$(BUNDLE_EXECUTABLE_FOLDER_PATH)/TestingHost";
			};
			name = SwiftUIDebug;
		};
		279283C12DFF11CE00234D64 /* SwiftUIRelease */ = {
			isa = XCBuildConfiguration;
			baseConfigurationReferenceAnchor = 27E6C4F62D2842D80010502F /* Configurations */;
			baseConfigurationReferenceRelativePath = OpenSwiftUIUITests.xcconfig;
			buildSettings = {
				BUNDLE_LOADER = "$(TEST_HOST)";
				CODE_SIGN_STYLE = Automatic;
				DEBUG_INFORMATION_FORMAT = "dwarf-with-dsym";
				ENABLE_USER_SCRIPT_SANDBOXING = YES;
				GENERATE_INFOPLIST_FILE = YES;
				LOCALIZATION_PREFERS_STRING_CATALOGS = YES;
				PRODUCT_BUNDLE_IDENTIFIER = org.OpenSwiftUI.OpenSwiftUIUITests;
				PRODUCT_NAME = "$(TARGET_NAME)";
				SDKROOT = auto;
				SUPPORTED_PLATFORMS = "iphoneos iphonesimulator macosx xros xrsimulator";
				SUPPORTS_MACCATALYST = NO;
				SWIFT_EMIT_LOC_STRINGS = NO;
				TARGETED_DEVICE_FAMILY = "1,2,7";
				TEST_HOST = "$(BUILT_PRODUCTS_DIR)/TestingHost.app/$(BUNDLE_EXECUTABLE_FOLDER_PATH)/TestingHost";
			};
			name = SwiftUIRelease;
		};
		279283C22DFF11CE00234D64 /* OpenSwiftUIDebug */ = {
			isa = XCBuildConfiguration;
			baseConfigurationReferenceAnchor = 27E6C4F62D2842D80010502F /* Configurations */;
			baseConfigurationReferenceRelativePath = OpenSwiftUIUITests.xcconfig;
			buildSettings = {
				BUNDLE_LOADER = "$(TEST_HOST)";
				CODE_SIGN_STYLE = Automatic;
				DEBUG_INFORMATION_FORMAT = "dwarf-with-dsym";
				ENABLE_USER_SCRIPT_SANDBOXING = YES;
				GENERATE_INFOPLIST_FILE = YES;
				LOCALIZATION_PREFERS_STRING_CATALOGS = YES;
				PRODUCT_BUNDLE_IDENTIFIER = org.OpenSwiftUI.OpenSwiftUIUITests;
				PRODUCT_NAME = "$(TARGET_NAME)";
				SDKROOT = auto;
				SUPPORTED_PLATFORMS = "iphoneos iphonesimulator macosx xros xrsimulator";
				SUPPORTS_MACCATALYST = NO;
				SWIFT_EMIT_LOC_STRINGS = NO;
				TARGETED_DEVICE_FAMILY = "1,2,7";
				TEST_HOST = "$(BUILT_PRODUCTS_DIR)/TestingHost.app/$(BUNDLE_EXECUTABLE_FOLDER_PATH)/TestingHost";
			};
			name = OpenSwiftUIDebug;
		};
		279283C32DFF11CE00234D64 /* OpenSwiftUIRelease */ = {
			isa = XCBuildConfiguration;
			baseConfigurationReferenceAnchor = 27E6C4F62D2842D80010502F /* Configurations */;
			baseConfigurationReferenceRelativePath = OpenSwiftUIUITests.xcconfig;
			buildSettings = {
				BUNDLE_LOADER = "$(TEST_HOST)";
				CODE_SIGN_STYLE = Automatic;
				DEBUG_INFORMATION_FORMAT = "dwarf-with-dsym";
				ENABLE_USER_SCRIPT_SANDBOXING = YES;
				GENERATE_INFOPLIST_FILE = YES;
				LOCALIZATION_PREFERS_STRING_CATALOGS = YES;
				PRODUCT_BUNDLE_IDENTIFIER = org.OpenSwiftUI.OpenSwiftUIUITests;
				PRODUCT_NAME = "$(TARGET_NAME)";
				SDKROOT = auto;
				SUPPORTED_PLATFORMS = "iphoneos iphonesimulator macosx xros xrsimulator";
				SUPPORTS_MACCATALYST = NO;
				SWIFT_EMIT_LOC_STRINGS = NO;
				TARGETED_DEVICE_FAMILY = "1,2,7";
				TEST_HOST = "$(BUILT_PRODUCTS_DIR)/TestingHost.app/$(BUNDLE_EXECUTABLE_FOLDER_PATH)/TestingHost";
			};
			name = OpenSwiftUIRelease;
		};
		27CD0B562AFC8D38003665EB /* SwiftUIDebug */ = {
			isa = XCBuildConfiguration;
			baseConfigurationReferenceAnchor = 27E6C4F62D2842D80010502F /* Configurations */;
			baseConfigurationReferenceRelativePath = "Shared/SwiftUI-debug.xcconfig";
			buildSettings = {
				ALWAYS_SEARCH_USER_PATHS = NO;
				ASSETCATALOG_COMPILER_GENERATE_SWIFT_ASSET_SYMBOL_EXTENSIONS = YES;
				CLANG_ANALYZER_NONNULL = YES;
				CLANG_ANALYZER_NUMBER_OBJECT_CONVERSION = YES_AGGRESSIVE;
				CLANG_CXX_LANGUAGE_STANDARD = "gnu++20";
				CLANG_ENABLE_MODULES = YES;
				CLANG_ENABLE_OBJC_ARC = YES;
				CLANG_ENABLE_OBJC_WEAK = YES;
				CLANG_WARN_BLOCK_CAPTURE_AUTORELEASING = YES;
				CLANG_WARN_BOOL_CONVERSION = YES;
				CLANG_WARN_COMMA = YES;
				CLANG_WARN_CONSTANT_CONVERSION = YES;
				CLANG_WARN_DEPRECATED_OBJC_IMPLEMENTATIONS = YES;
				CLANG_WARN_DIRECT_OBJC_ISA_USAGE = YES_ERROR;
				CLANG_WARN_DOCUMENTATION_COMMENTS = YES;
				CLANG_WARN_EMPTY_BODY = YES;
				CLANG_WARN_ENUM_CONVERSION = YES;
				CLANG_WARN_INFINITE_RECURSION = YES;
				CLANG_WARN_INT_CONVERSION = YES;
				CLANG_WARN_NON_LITERAL_NULL_CONVERSION = YES;
				CLANG_WARN_OBJC_IMPLICIT_RETAIN_SELF = YES;
				CLANG_WARN_OBJC_LITERAL_CONVERSION = YES;
				CLANG_WARN_OBJC_ROOT_CLASS = YES_ERROR;
				CLANG_WARN_QUOTED_INCLUDE_IN_FRAMEWORK_HEADER = YES;
				CLANG_WARN_RANGE_LOOP_ANALYSIS = YES;
				CLANG_WARN_STRICT_PROTOTYPES = YES;
				CLANG_WARN_SUSPICIOUS_MOVE = YES;
				CLANG_WARN_UNGUARDED_AVAILABILITY = YES_AGGRESSIVE;
				CLANG_WARN_UNREACHABLE_CODE = YES;
				CLANG_WARN__DUPLICATE_METHOD_MATCH = YES;
				COPY_PHASE_STRIP = NO;
				DEBUG_INFORMATION_FORMAT = dwarf;
				ENABLE_STRICT_OBJC_MSGSEND = YES;
				ENABLE_TESTABILITY = YES;
				ENABLE_USER_SCRIPT_SANDBOXING = YES;
				GCC_C_LANGUAGE_STANDARD = gnu17;
				GCC_DYNAMIC_NO_PIC = NO;
				GCC_NO_COMMON_BLOCKS = YES;
				GCC_OPTIMIZATION_LEVEL = 0;
				GCC_WARN_64_TO_32_BIT_CONVERSION = YES;
				GCC_WARN_ABOUT_RETURN_TYPE = YES_ERROR;
				GCC_WARN_UNDECLARED_SELECTOR = YES;
				GCC_WARN_UNINITIALIZED_AUTOS = YES_AGGRESSIVE;
				GCC_WARN_UNUSED_FUNCTION = YES;
				GCC_WARN_UNUSED_VARIABLE = YES;
				LOCALIZATION_PREFERS_STRING_CATALOGS = YES;
				MTL_ENABLE_DEBUG_INFO = INCLUDE_SOURCE;
				MTL_FAST_MATH = YES;
				ONLY_ACTIVE_ARCH = YES;
			};
			name = SwiftUIDebug;
		};
		27CD0B592AFC8D38003665EB /* SwiftUIDebug */ = {
			isa = XCBuildConfiguration;
			baseConfigurationReferenceAnchor = 27E6C4F62D2842D80010502F /* Configurations */;
			baseConfigurationReferenceRelativePath = Example.xcconfig;
			buildSettings = {
				ASSETCATALOG_COMPILER_APPICON_NAME = AppIcon;
				ASSETCATALOG_COMPILER_GLOBAL_ACCENT_COLOR_NAME = AccentColor;
				CODE_SIGN_ENTITLEMENTS = Example/Example.entitlements;
				CODE_SIGN_STYLE = Automatic;
				DEVELOPMENT_ASSET_PATHS = "\"Example/Preview Content\"";
				DEVELOPMENT_TEAM = "";
				ENABLE_HARDENED_RUNTIME = YES;
				ENABLE_PREVIEWS = YES;
				GENERATE_INFOPLIST_FILE = YES;
				"INFOPLIST_KEY_UIApplicationSceneManifest_Generation[sdk=iphoneos*]" = YES;
				"INFOPLIST_KEY_UIApplicationSceneManifest_Generation[sdk=iphonesimulator*]" = YES;
				"INFOPLIST_KEY_UIApplicationSupportsIndirectInputEvents[sdk=iphoneos*]" = YES;
				"INFOPLIST_KEY_UIApplicationSupportsIndirectInputEvents[sdk=iphonesimulator*]" = YES;
				"INFOPLIST_KEY_UILaunchScreen_Generation[sdk=iphoneos*]" = YES;
				"INFOPLIST_KEY_UILaunchScreen_Generation[sdk=iphonesimulator*]" = YES;
				"INFOPLIST_KEY_UIStatusBarStyle[sdk=iphoneos*]" = UIStatusBarStyleDefault;
				"INFOPLIST_KEY_UIStatusBarStyle[sdk=iphonesimulator*]" = UIStatusBarStyleDefault;
				INFOPLIST_KEY_UISupportedInterfaceOrientations_iPad = "UIInterfaceOrientationPortrait UIInterfaceOrientationPortraitUpsideDown UIInterfaceOrientationLandscapeLeft UIInterfaceOrientationLandscapeRight";
				INFOPLIST_KEY_UISupportedInterfaceOrientations_iPhone = "UIInterfaceOrientationPortrait UIInterfaceOrientationLandscapeLeft UIInterfaceOrientationLandscapeRight";
				LD_RUNPATH_SEARCH_PATHS = "@executable_path/Frameworks";
				"LD_RUNPATH_SEARCH_PATHS[sdk=macosx*]" = "@executable_path/../Frameworks";
				PRODUCT_NAME = "$(TARGET_NAME)";
				SDKROOT = auto;
				SUPPORTED_PLATFORMS = "iphoneos iphonesimulator macosx xros xrsimulator";
				SUPPORTS_MACCATALYST = NO;
				SWIFT_EMIT_LOC_STRINGS = YES;
				TARGETED_DEVICE_FAMILY = "1,2,7";
			};
			name = SwiftUIDebug;
		};
		27D49E0A2BA604FC00F6E2E2 /* SwiftUIDebug */ = {
			isa = XCBuildConfiguration;
			baseConfigurationReferenceAnchor = 27E6C4F62D2842D80010502F /* Configurations */;
			baseConfigurationReferenceRelativePath = HostingExample.xcconfig;
			buildSettings = {
				ASSETCATALOG_COMPILER_APPICON_NAME = AppIcon;
				ASSETCATALOG_COMPILER_GLOBAL_ACCENT_COLOR_NAME = AccentColor;
				CLANG_ENABLE_MODULES = YES;
				CODE_SIGN_STYLE = Automatic;
				DEVELOPMENT_TEAM = "";
				GENERATE_INFOPLIST_FILE = YES;
				INFOPLIST_FILE = HostingExample/Info.plist;
				INFOPLIST_KEY_UIApplicationSupportsIndirectInputEvents = YES;
				INFOPLIST_KEY_UILaunchStoryboardName = LaunchScreen;
				INFOPLIST_KEY_UIMainStoryboardFile = Main;
				INFOPLIST_KEY_UISupportedInterfaceOrientations_iPad = "UIInterfaceOrientationPortrait UIInterfaceOrientationPortraitUpsideDown UIInterfaceOrientationLandscapeLeft UIInterfaceOrientationLandscapeRight";
				INFOPLIST_KEY_UISupportedInterfaceOrientations_iPhone = "UIInterfaceOrientationPortrait UIInterfaceOrientationLandscapeLeft UIInterfaceOrientationLandscapeRight";
				LD_RUNPATH_SEARCH_PATHS = (
					"$(inherited)",
					"@executable_path/Frameworks",
				);
				PRODUCT_NAME = "$(TARGET_NAME)";
				REGISTER_APP_GROUPS = NO;
				SDKROOT = auto;
				SUPPORTED_PLATFORMS = "iphoneos iphonesimulator macosx xros xrsimulator";
				SUPPORTS_MACCATALYST = NO;
				SUPPORTS_MAC_DESIGNED_FOR_IPHONE_IPAD = NO;
				SUPPORTS_XR_DESIGNED_FOR_IPHONE_IPAD = NO;
				SWIFT_EMIT_LOC_STRINGS = YES;
				SWIFT_OPTIMIZATION_LEVEL = "-Onone";
				SWIFT_VERSION = 6.0;
				TARGETED_DEVICE_FAMILY = "1,2,7";
				XROS_DEPLOYMENT_TARGET = 2.0;
			};
			name = SwiftUIDebug;
		};
/* End XCBuildConfiguration section */

/* Begin XCConfigurationList section */
		275751EC2DEE1442003E467C /* Build configuration list for PBXNativeTarget "TestingHost" */ = {
			isa = XCConfigurationList;
			buildConfigurations = (
				275751ED2DEE1442003E467C /* SwiftUIDebug */,
				275751EE2DEE1442003E467C /* SwiftUIRelease */,
				275751EF2DEE1442003E467C /* OpenSwiftUIDebug */,
				275751F02DEE1442003E467C /* OpenSwiftUIRelease */,
			);
			defaultConfigurationIsVisible = 0;
			defaultConfigurationName = OpenSwiftUIDebug;
		};
		279283BF2DFF11CE00234D64 /* Build configuration list for PBXNativeTarget "OpenSwiftUIUITests" */ = {
			isa = XCConfigurationList;
			buildConfigurations = (
				279283C02DFF11CE00234D64 /* SwiftUIDebug */,
				279283C12DFF11CE00234D64 /* SwiftUIRelease */,
				279283C22DFF11CE00234D64 /* OpenSwiftUIDebug */,
				279283C32DFF11CE00234D64 /* OpenSwiftUIRelease */,
			);
			defaultConfigurationIsVisible = 0;
			defaultConfigurationName = OpenSwiftUIDebug;
		};
		27CD0B442AFC8D37003665EB /* Build configuration list for PBXProject "Example" */ = {
			isa = XCConfigurationList;
			buildConfigurations = (
				27CD0B562AFC8D38003665EB /* SwiftUIDebug */,
				278A031C2BD6DD7200ED4DAE /* SwiftUIRelease */,
				272252242BB1C655009CA741 /* OpenSwiftUIDebug */,
				278A031F2BD6DD9D00ED4DAE /* OpenSwiftUIRelease */,
			);
			defaultConfigurationIsVisible = 0;
			defaultConfigurationName = OpenSwiftUIDebug;
		};
		27CD0B582AFC8D38003665EB /* Build configuration list for PBXNativeTarget "Example" */ = {
			isa = XCConfigurationList;
			buildConfigurations = (
				27CD0B592AFC8D38003665EB /* SwiftUIDebug */,
				278A031D2BD6DD7200ED4DAE /* SwiftUIRelease */,
				272252252BB1C655009CA741 /* OpenSwiftUIDebug */,
				278A03202BD6DD9D00ED4DAE /* OpenSwiftUIRelease */,
			);
			defaultConfigurationIsVisible = 0;
			defaultConfigurationName = OpenSwiftUIDebug;
		};
		27D49E092BA604FC00F6E2E2 /* Build configuration list for PBXNativeTarget "HostingExample" */ = {
			isa = XCConfigurationList;
			buildConfigurations = (
				27D49E0A2BA604FC00F6E2E2 /* SwiftUIDebug */,
				278A031E2BD6DD7200ED4DAE /* SwiftUIRelease */,
				272252262BB1C655009CA741 /* OpenSwiftUIDebug */,
				278A03212BD6DD9D00ED4DAE /* OpenSwiftUIRelease */,
			);
			defaultConfigurationIsVisible = 0;
			defaultConfigurationName = OpenSwiftUIDebug;
		};
/* End XCConfigurationList section */

/* Begin XCRemoteSwiftPackageReference section */
		275752022DEE147E003E467C /* XCRemoteSwiftPackageReference "swift-snapshot-testing" */ = {
			isa = XCRemoteSwiftPackageReference;
			repositoryURL = "https://github.com/pointfreeco/swift-snapshot-testing";
			requirement = {
				kind = upToNextMajorVersion;
				minimumVersion = 1.18.4;
			};
		};
		278EF52B2E2272F2009C32EB /* XCRemoteSwiftPackageReference "equatable" */ = {
			isa = XCRemoteSwiftPackageReference;
			repositoryURL = "https://github.com/OpenSwiftUIProject/equatable.git";
			requirement = {
				branch = main;
				kind = branch;
			};
		};
/* End XCRemoteSwiftPackageReference section */

/* Begin XCSwiftPackageProductDependency section */
		278EF52C2E2272F2009C32EB /* Equatable */ = {
			isa = XCSwiftPackageProductDependency;
			package = 278EF52B2E2272F2009C32EB /* XCRemoteSwiftPackageReference "equatable" */;
			productName = Equatable;
		};
		278EF52E2E227304009C32EB /* Equatable */ = {
			isa = XCSwiftPackageProductDependency;
			package = 278EF52B2E2272F2009C32EB /* XCRemoteSwiftPackageReference "equatable" */;
			productName = Equatable;
		};
		2792849E2DFF137400234D64 /* SnapshotTesting */ = {
			isa = XCSwiftPackageProductDependency;
			package = 275752022DEE147E003E467C /* XCRemoteSwiftPackageReference "swift-snapshot-testing" */;
			productName = SnapshotTesting;
		};
		279FED0C2DF4567B00320390 /* OpenSwiftUI */ = {
			isa = XCSwiftPackageProductDependency;
			productName = OpenSwiftUI;
		};
		27CD0B5E2AFC8DA7003665EB /* OpenSwiftUI */ = {
			isa = XCSwiftPackageProductDependency;
			productName = OpenSwiftUI;
		};
		27D49E0D2BA60AF600F6E2E2 /* OpenSwiftUI */ = {
			isa = XCSwiftPackageProductDependency;
			productName = OpenSwiftUI;
		};
/* End XCSwiftPackageProductDependency section */
	};
	rootObject = 27CD0B412AFC8D37003665EB /* Project object */;
}
