// !$*UTF8*$!
{
	archiveVersion = 1;
	classes = {
	};
	objectVersion = 56;
	objects = {

/* Begin PBXBuildFile section */
		27496E8A2BB1E05B00953172 /* AttributeGraph.xcframework in Frameworks */ = {isa = PBXBuildFile; fileRef = 27496E892BB1E05B00953172 /* AttributeGraph.xcframework */; };
		27496E8E2BB1E0AA00953172 /* CoreServices.xcframework in Frameworks */ = {isa = PBXBuildFile; fileRef = 27496E8D2BB1E0AA00953172 /* CoreServices.xcframework */; };
		27B7FC7B2BB31FCC00272BA5 /* AttributeGraph.xcframework in Frameworks */ = {isa = PBXBuildFile; fileRef = 27496E892BB1E05B00953172 /* AttributeGraph.xcframework */; };
		27B7FC7E2BB31FD000272BA5 /* CoreServices.xcframework in Frameworks */ = {isa = PBXBuildFile; fileRef = 27496E8D2BB1E0AA00953172 /* CoreServices.xcframework */; };
		27CD0B4D2AFC8D37003665EB /* ExampleApp.swift in Sources */ = {isa = PBXBuildFile; fileRef = 27CD0B4C2AFC8D37003665EB /* ExampleApp.swift */; };
		27CD0B4F2AFC8D37003665EB /* ContentView.swift in Sources */ = {isa = PBXBuildFile; fileRef = 27CD0B4E2AFC8D37003665EB /* ContentView.swift */; };
		27CD0B512AFC8D38003665EB /* Assets.xcassets in Resources */ = {isa = PBXBuildFile; fileRef = 27CD0B502AFC8D38003665EB /* Assets.xcassets */; };
		27CD0B552AFC8D38003665EB /* Preview Assets.xcassets in Resources */ = {isa = PBXBuildFile; fileRef = 27CD0B542AFC8D38003665EB /* Preview Assets.xcassets */; };
		27CD0B5F2AFC8DA7003665EB /* OpenSwiftUI in Frameworks */ = {isa = PBXBuildFile; productRef = 27CD0B5E2AFC8DA7003665EB /* OpenSwiftUI */; };
		27D49DFB2BA604FB00F6E2E2 /* AppDelegate.swift in Sources */ = {isa = PBXBuildFile; fileRef = 27D49DFA2BA604FB00F6E2E2 /* AppDelegate.swift */; };
		27D49DFD2BA604FB00F6E2E2 /* SceneDelegate.swift in Sources */ = {isa = PBXBuildFile; fileRef = 27D49DFC2BA604FB00F6E2E2 /* SceneDelegate.swift */; };
		27D49DFF2BA604FB00F6E2E2 /* ViewController.swift in Sources */ = {isa = PBXBuildFile; fileRef = 27D49DFE2BA604FB00F6E2E2 /* ViewController.swift */; };
		27D49E022BA604FB00F6E2E2 /* Main.storyboard in Resources */ = {isa = PBXBuildFile; fileRef = 27D49E002BA604FB00F6E2E2 /* Main.storyboard */; };
		27D49E042BA604FC00F6E2E2 /* Assets.xcassets in Resources */ = {isa = PBXBuildFile; fileRef = 27D49E032BA604FC00F6E2E2 /* Assets.xcassets */; };
		27D49E072BA604FC00F6E2E2 /* LaunchScreen.storyboard in Resources */ = {isa = PBXBuildFile; fileRef = 27D49E052BA604FC00F6E2E2 /* LaunchScreen.storyboard */; };
		27D49E0E2BA60AF600F6E2E2 /* OpenSwiftUI in Frameworks */ = {isa = PBXBuildFile; productRef = 27D49E0D2BA60AF600F6E2E2 /* OpenSwiftUI */; };
/* End PBXBuildFile section */

/* Begin PBXFileReference section */
		271D81642BB1E8E300A6D543 /* OpenGraph */ = {isa = PBXFileReference; lastKnownFileType = wrapper; name = OpenGraph; path = ../../OpenGraph; sourceTree = "<group>"; };
		27496E892BB1E05B00953172 /* AttributeGraph.xcframework */ = {isa = PBXFileReference; lastKnownFileType = wrapper.xcframework; name = AttributeGraph.xcframework; path = ../../OpenGraph/AG/AttributeGraph.xcframework; sourceTree = "<group>"; };
		27496E8D2BB1E0AA00953172 /* CoreServices.xcframework */ = {isa = PBXFileReference; lastKnownFileType = wrapper.xcframework; name = CoreServices.xcframework; path = ../PrivateFrameworks/CoreServices.xcframework; sourceTree = "<group>"; };
		276A744D2BB1DDFD002CAB40 /* CoreServices.framework */ = {isa = PBXFileReference; lastKnownFileType = wrapper.framework; name = CoreServices.framework; path = Platforms/iPhoneOS.platform/Developer/SDKs/iPhoneOS17.2.sdk/System/Library/Frameworks/CoreServices.framework; sourceTree = DEVELOPER_DIR; };
		27B7FC802BB31FF500272BA5 /* README.md */ = {isa = PBXFileReference; lastKnownFileType = net.daringfireball.markdown; path = README.md; sourceTree = "<group>"; };
		27CD0B492AFC8D37003665EB /* Example.app */ = {isa = PBXFileReference; explicitFileType = wrapper.application; includeInIndex = 0; path = Example.app; sourceTree = BUILT_PRODUCTS_DIR; };
		27CD0B4C2AFC8D37003665EB /* ExampleApp.swift */ = {isa = PBXFileReference; lastKnownFileType = sourcecode.swift; path = ExampleApp.swift; sourceTree = "<group>"; };
		27CD0B4E2AFC8D37003665EB /* ContentView.swift */ = {isa = PBXFileReference; lastKnownFileType = sourcecode.swift; path = ContentView.swift; sourceTree = "<group>"; };
		27CD0B502AFC8D38003665EB /* Assets.xcassets */ = {isa = PBXFileReference; lastKnownFileType = folder.assetcatalog; path = Assets.xcassets; sourceTree = "<group>"; };
		27CD0B522AFC8D38003665EB /* Example.entitlements */ = {isa = PBXFileReference; lastKnownFileType = text.plist.entitlements; path = Example.entitlements; sourceTree = "<group>"; };
		27CD0B542AFC8D38003665EB /* Preview Assets.xcassets */ = {isa = PBXFileReference; lastKnownFileType = folder.assetcatalog; path = "Preview Assets.xcassets"; sourceTree = "<group>"; };
		27CD0B612AFC8E0E003665EB /* OpenSwiftUI */ = {isa = PBXFileReference; lastKnownFileType = wrapper; name = OpenSwiftUI; path = ..; sourceTree = "<group>"; };
		27D49DF82BA604FB00F6E2E2 /* HostingExample.app */ = {isa = PBXFileReference; explicitFileType = wrapper.application; includeInIndex = 0; path = HostingExample.app; sourceTree = BUILT_PRODUCTS_DIR; };
		27D49DFA2BA604FB00F6E2E2 /* AppDelegate.swift */ = {isa = PBXFileReference; lastKnownFileType = sourcecode.swift; path = AppDelegate.swift; sourceTree = "<group>"; };
		27D49DFC2BA604FB00F6E2E2 /* SceneDelegate.swift */ = {isa = PBXFileReference; lastKnownFileType = sourcecode.swift; path = SceneDelegate.swift; sourceTree = "<group>"; };
		27D49DFE2BA604FB00F6E2E2 /* ViewController.swift */ = {isa = PBXFileReference; lastKnownFileType = sourcecode.swift; path = ViewController.swift; sourceTree = "<group>"; };
		27D49E012BA604FB00F6E2E2 /* Base */ = {isa = PBXFileReference; lastKnownFileType = file.storyboard; name = Base; path = Base.lproj/Main.storyboard; sourceTree = "<group>"; };
		27D49E032BA604FC00F6E2E2 /* Assets.xcassets */ = {isa = PBXFileReference; lastKnownFileType = folder.assetcatalog; path = Assets.xcassets; sourceTree = "<group>"; };
		27D49E062BA604FC00F6E2E2 /* Base */ = {isa = PBXFileReference; lastKnownFileType = file.storyboard; name = Base; path = Base.lproj/LaunchScreen.storyboard; sourceTree = "<group>"; };
		27D49E082BA604FC00F6E2E2 /* Info.plist */ = {isa = PBXFileReference; lastKnownFileType = text.plist.xml; path = Info.plist; sourceTree = "<group>"; };
/* End PBXFileReference section */

/* Begin PBXFrameworksBuildPhase section */
		27CD0B462AFC8D37003665EB /* Frameworks */ = {
			isa = PBXFrameworksBuildPhase;
			buildActionMask = 2147483647;
			files = (
				27CD0B5F2AFC8DA7003665EB /* OpenSwiftUI in Frameworks */,
				27B7FC7E2BB31FD000272BA5 /* CoreServices.xcframework in Frameworks */,
				27B7FC7B2BB31FCC00272BA5 /* AttributeGraph.xcframework in Frameworks */,
			);
			runOnlyForDeploymentPostprocessing = 0;
		};
		27D49DF52BA604FB00F6E2E2 /* Frameworks */ = {
			isa = PBXFrameworksBuildPhase;
			buildActionMask = 2147483647;
			files = (
				27D49E0E2BA60AF600F6E2E2 /* OpenSwiftUI in Frameworks */,
				27496E8E2BB1E0AA00953172 /* CoreServices.xcframework in Frameworks */,
				27496E8A2BB1E05B00953172 /* AttributeGraph.xcframework in Frameworks */,
			);
			runOnlyForDeploymentPostprocessing = 0;
		};
/* End PBXFrameworksBuildPhase section */

/* Begin PBXGroup section */
		27CD0B402AFC8D37003665EB = {
			isa = PBXGroup;
			children = (
				27B7FC802BB31FF500272BA5 /* README.md */,
				271D81642BB1E8E300A6D543 /* OpenGraph */,
				27CD0B612AFC8E0E003665EB /* OpenSwiftUI */,
				27CD0B4B2AFC8D37003665EB /* Example */,
				27D49DF92BA604FB00F6E2E2 /* HostingExample */,
				27CD0B4A2AFC8D37003665EB /* Products */,
				27D49E0C2BA60AF600F6E2E2 /* Frameworks */,
			);
			sourceTree = "<group>";
		};
		27CD0B4A2AFC8D37003665EB /* Products */ = {
			isa = PBXGroup;
			children = (
				27CD0B492AFC8D37003665EB /* Example.app */,
				27D49DF82BA604FB00F6E2E2 /* HostingExample.app */,
			);
			name = Products;
			sourceTree = "<group>";
		};
		27CD0B4B2AFC8D37003665EB /* Example */ = {
			isa = PBXGroup;
			children = (
				27CD0B4C2AFC8D37003665EB /* ExampleApp.swift */,
				27CD0B4E2AFC8D37003665EB /* ContentView.swift */,
				27CD0B502AFC8D38003665EB /* Assets.xcassets */,
				27CD0B522AFC8D38003665EB /* Example.entitlements */,
				27CD0B532AFC8D38003665EB /* Preview Content */,
			);
			path = Example;
			sourceTree = "<group>";
		};
		27CD0B532AFC8D38003665EB /* Preview Content */ = {
			isa = PBXGroup;
			children = (
				27CD0B542AFC8D38003665EB /* Preview Assets.xcassets */,
			);
			path = "Preview Content";
			sourceTree = "<group>";
		};
		27D49DF92BA604FB00F6E2E2 /* HostingExample */ = {
			isa = PBXGroup;
			children = (
				27D49DFA2BA604FB00F6E2E2 /* AppDelegate.swift */,
				27D49DFC2BA604FB00F6E2E2 /* SceneDelegate.swift */,
				27D49DFE2BA604FB00F6E2E2 /* ViewController.swift */,
				27D49E002BA604FB00F6E2E2 /* Main.storyboard */,
				27D49E032BA604FC00F6E2E2 /* Assets.xcassets */,
				27D49E052BA604FC00F6E2E2 /* LaunchScreen.storyboard */,
				27D49E082BA604FC00F6E2E2 /* Info.plist */,
			);
			path = HostingExample;
			sourceTree = "<group>";
		};
		27D49E0C2BA60AF600F6E2E2 /* Frameworks */ = {
			isa = PBXGroup;
			children = (
				27496E8D2BB1E0AA00953172 /* CoreServices.xcframework */,
				27496E892BB1E05B00953172 /* AttributeGraph.xcframework */,
				276A744D2BB1DDFD002CAB40 /* CoreServices.framework */,
			);
			name = Frameworks;
			sourceTree = "<group>";
		};
/* End PBXGroup section */

/* Begin PBXNativeTarget section */
		27CD0B482AFC8D37003665EB /* Example */ = {
			isa = PBXNativeTarget;
			buildConfigurationList = 27CD0B582AFC8D38003665EB /* Build configuration list for PBXNativeTarget "Example" */;
			buildPhases = (
				27CD0B452AFC8D37003665EB /* Sources */,
				27CD0B462AFC8D37003665EB /* Frameworks */,
				27CD0B472AFC8D37003665EB /* Resources */,
			);
			buildRules = (
			);
			dependencies = (
			);
			name = Example;
			packageProductDependencies = (
				27CD0B5E2AFC8DA7003665EB /* OpenSwiftUI */,
			);
			productName = Example;
			productReference = 27CD0B492AFC8D37003665EB /* Example.app */;
			productType = "com.apple.product-type.application";
		};
		27D49DF72BA604FB00F6E2E2 /* HostingExample */ = {
			isa = PBXNativeTarget;
			buildConfigurationList = 27D49E092BA604FC00F6E2E2 /* Build configuration list for PBXNativeTarget "HostingExample" */;
			buildPhases = (
				27D49DF42BA604FB00F6E2E2 /* Sources */,
				27D49DF52BA604FB00F6E2E2 /* Frameworks */,
				27D49DF62BA604FB00F6E2E2 /* Resources */,
			);
			buildRules = (
			);
			dependencies = (
			);
			name = HostingExample;
			packageProductDependencies = (
				27D49E0D2BA60AF600F6E2E2 /* OpenSwiftUI */,
			);
			productName = HostingExample;
			productReference = 27D49DF82BA604FB00F6E2E2 /* HostingExample.app */;
			productType = "com.apple.product-type.application";
		};
/* End PBXNativeTarget section */

/* Begin PBXProject section */
		27CD0B412AFC8D37003665EB /* Project object */ = {
			isa = PBXProject;
			attributes = {
				BuildIndependentTargetsInParallel = 1;
				LastSwiftUpdateCheck = 1520;
				LastUpgradeCheck = 1500;
				TargetAttributes = {
					27CD0B482AFC8D37003665EB = {
						CreatedOnToolsVersion = 15.0;
					};
					27D49DF72BA604FB00F6E2E2 = {
						CreatedOnToolsVersion = 15.2;
					};
				};
			};
			buildConfigurationList = 27CD0B442AFC8D37003665EB /* Build configuration list for PBXProject "Example" */;
			compatibilityVersion = "Xcode 14.0";
			developmentRegion = en;
			hasScannedForEncodings = 0;
			knownRegions = (
				en,
				Base,
			);
			mainGroup = 27CD0B402AFC8D37003665EB;
			packageReferences = (
			);
			productRefGroup = 27CD0B4A2AFC8D37003665EB /* Products */;
			projectDirPath = "";
			projectRoot = "";
			targets = (
				27CD0B482AFC8D37003665EB /* Example */,
				27D49DF72BA604FB00F6E2E2 /* HostingExample */,
			);
		};
/* End PBXProject section */

/* Begin PBXResourcesBuildPhase section */
		27CD0B472AFC8D37003665EB /* Resources */ = {
			isa = PBXResourcesBuildPhase;
			buildActionMask = 2147483647;
			files = (
				27CD0B552AFC8D38003665EB /* Preview Assets.xcassets in Resources */,
				27CD0B512AFC8D38003665EB /* Assets.xcassets in Resources */,
			);
			runOnlyForDeploymentPostprocessing = 0;
		};
		27D49DF62BA604FB00F6E2E2 /* Resources */ = {
			isa = PBXResourcesBuildPhase;
			buildActionMask = 2147483647;
			files = (
				27D49E072BA604FC00F6E2E2 /* LaunchScreen.storyboard in Resources */,
				27D49E042BA604FC00F6E2E2 /* Assets.xcassets in Resources */,
				27D49E022BA604FB00F6E2E2 /* Main.storyboard in Resources */,
			);
			runOnlyForDeploymentPostprocessing = 0;
		};
/* End PBXResourcesBuildPhase section */

/* Begin PBXSourcesBuildPhase section */
		27CD0B452AFC8D37003665EB /* Sources */ = {
			isa = PBXSourcesBuildPhase;
			buildActionMask = 2147483647;
			files = (
				27CD0B4F2AFC8D37003665EB /* ContentView.swift in Sources */,
				27CD0B4D2AFC8D37003665EB /* ExampleApp.swift in Sources */,
			);
			runOnlyForDeploymentPostprocessing = 0;
		};
		27D49DF42BA604FB00F6E2E2 /* Sources */ = {
			isa = PBXSourcesBuildPhase;
			buildActionMask = 2147483647;
			files = (
				27D49DFF2BA604FB00F6E2E2 /* ViewController.swift in Sources */,
				27D49DFB2BA604FB00F6E2E2 /* AppDelegate.swift in Sources */,
				27D49DFD2BA604FB00F6E2E2 /* SceneDelegate.swift in Sources */,
			);
			runOnlyForDeploymentPostprocessing = 0;
		};
/* End PBXSourcesBuildPhase section */

/* Begin PBXVariantGroup section */
		27D49E002BA604FB00F6E2E2 /* Main.storyboard */ = {
			isa = PBXVariantGroup;
			children = (
				27D49E012BA604FB00F6E2E2 /* Base */,
			);
			name = Main.storyboard;
			sourceTree = "<group>";
		};
		27D49E052BA604FC00F6E2E2 /* LaunchScreen.storyboard */ = {
			isa = PBXVariantGroup;
			children = (
				27D49E062BA604FC00F6E2E2 /* Base */,
			);
			name = LaunchScreen.storyboard;
			sourceTree = "<group>";
		};
/* End PBXVariantGroup section */

/* Begin XCBuildConfiguration section */
		272252242BB1C655009CA741 /* OpenSwiftUIDebug */ = {
			isa = XCBuildConfiguration;
			buildSettings = {
				ALWAYS_SEARCH_USER_PATHS = NO;
				ASSETCATALOG_COMPILER_GENERATE_SWIFT_ASSET_SYMBOL_EXTENSIONS = YES;
				CLANG_ANALYZER_NONNULL = YES;
				CLANG_ANALYZER_NUMBER_OBJECT_CONVERSION = YES_AGGRESSIVE;
				CLANG_CXX_LANGUAGE_STANDARD = "gnu++20";
				CLANG_ENABLE_MODULES = YES;
				CLANG_ENABLE_OBJC_ARC = YES;
				CLANG_ENABLE_OBJC_WEAK = YES;
				CLANG_WARN_BLOCK_CAPTURE_AUTORELEASING = YES;
				CLANG_WARN_BOOL_CONVERSION = YES;
				CLANG_WARN_COMMA = YES;
				CLANG_WARN_CONSTANT_CONVERSION = YES;
				CLANG_WARN_DEPRECATED_OBJC_IMPLEMENTATIONS = YES;
				CLANG_WARN_DIRECT_OBJC_ISA_USAGE = YES_ERROR;
				CLANG_WARN_DOCUMENTATION_COMMENTS = YES;
				CLANG_WARN_EMPTY_BODY = YES;
				CLANG_WARN_ENUM_CONVERSION = YES;
				CLANG_WARN_INFINITE_RECURSION = YES;
				CLANG_WARN_INT_CONVERSION = YES;
				CLANG_WARN_NON_LITERAL_NULL_CONVERSION = YES;
				CLANG_WARN_OBJC_IMPLICIT_RETAIN_SELF = YES;
				CLANG_WARN_OBJC_LITERAL_CONVERSION = YES;
				CLANG_WARN_OBJC_ROOT_CLASS = YES_ERROR;
				CLANG_WARN_QUOTED_INCLUDE_IN_FRAMEWORK_HEADER = YES;
				CLANG_WARN_RANGE_LOOP_ANALYSIS = YES;
				CLANG_WARN_STRICT_PROTOTYPES = YES;
				CLANG_WARN_SUSPICIOUS_MOVE = YES;
				CLANG_WARN_UNGUARDED_AVAILABILITY = YES_AGGRESSIVE;
				CLANG_WARN_UNREACHABLE_CODE = YES;
				CLANG_WARN__DUPLICATE_METHOD_MATCH = YES;
				COPY_PHASE_STRIP = NO;
				DEBUG_INFORMATION_FORMAT = dwarf;
				ENABLE_STRICT_OBJC_MSGSEND = YES;
				ENABLE_TESTABILITY = YES;
				ENABLE_USER_SCRIPT_SANDBOXING = YES;
				GCC_C_LANGUAGE_STANDARD = gnu17;
				GCC_DYNAMIC_NO_PIC = NO;
				GCC_NO_COMMON_BLOCKS = YES;
				GCC_OPTIMIZATION_LEVEL = 0;
				GCC_PREPROCESSOR_DEFINITIONS = (
					"DEBUG=1",
					"$(inherited)",
				);
				GCC_WARN_64_TO_32_BIT_CONVERSION = YES;
				GCC_WARN_ABOUT_RETURN_TYPE = YES_ERROR;
				GCC_WARN_UNDECLARED_SELECTOR = YES;
				GCC_WARN_UNINITIALIZED_AUTOS = YES_AGGRESSIVE;
				GCC_WARN_UNUSED_FUNCTION = YES;
				GCC_WARN_UNUSED_VARIABLE = YES;
				LOCALIZATION_PREFERS_STRING_CATALOGS = YES;
				MTL_ENABLE_DEBUG_INFO = INCLUDE_SOURCE;
				MTL_FAST_MATH = YES;
				ONLY_ACTIVE_ARCH = YES;
				SWIFT_ACTIVE_COMPILATION_CONDITIONS = "DEBUG $(inherited)";
				SWIFT_OPTIMIZATION_LEVEL = "-Onone";
			};
			name = OpenSwiftUIDebug;
		};
		272252252BB1C655009CA741 /* OpenSwiftUIDebug */ = {
			isa = XCBuildConfiguration;
			buildSettings = {
				ASSETCATALOG_COMPILER_APPICON_NAME = AppIcon;
				ASSETCATALOG_COMPILER_GLOBAL_ACCENT_COLOR_NAME = AccentColor;
				CODE_SIGN_ENTITLEMENTS = Example/Example.entitlements;
				CODE_SIGN_STYLE = Automatic;
				CURRENT_PROJECT_VERSION = 1;
				DEVELOPMENT_ASSET_PATHS = "\"Example/Preview Content\"";
				DEVELOPMENT_TEAM = VB7MJ8R223;
				ENABLE_HARDENED_RUNTIME = YES;
				ENABLE_PREVIEWS = YES;
				GENERATE_INFOPLIST_FILE = YES;
				"INFOPLIST_KEY_UIApplicationSceneManifest_Generation[sdk=iphoneos*]" = YES;
				"INFOPLIST_KEY_UIApplicationSceneManifest_Generation[sdk=iphonesimulator*]" = YES;
				"INFOPLIST_KEY_UIApplicationSupportsIndirectInputEvents[sdk=iphoneos*]" = YES;
				"INFOPLIST_KEY_UIApplicationSupportsIndirectInputEvents[sdk=iphonesimulator*]" = YES;
				"INFOPLIST_KEY_UILaunchScreen_Generation[sdk=iphoneos*]" = YES;
				"INFOPLIST_KEY_UILaunchScreen_Generation[sdk=iphonesimulator*]" = YES;
				"INFOPLIST_KEY_UIStatusBarStyle[sdk=iphoneos*]" = UIStatusBarStyleDefault;
				"INFOPLIST_KEY_UIStatusBarStyle[sdk=iphonesimulator*]" = UIStatusBarStyleDefault;
				INFOPLIST_KEY_UISupportedInterfaceOrientations_iPad = "UIInterfaceOrientationPortrait UIInterfaceOrientationPortraitUpsideDown UIInterfaceOrientationLandscapeLeft UIInterfaceOrientationLandscapeRight";
				INFOPLIST_KEY_UISupportedInterfaceOrientations_iPhone = "UIInterfaceOrientationPortrait UIInterfaceOrientationLandscapeLeft UIInterfaceOrientationLandscapeRight";
				IPHONEOS_DEPLOYMENT_TARGET = 13.0;
				LD_RUNPATH_SEARCH_PATHS = "@executable_path/Frameworks";
				"LD_RUNPATH_SEARCH_PATHS[sdk=macosx*]" = "@executable_path/../Frameworks";
				MACOSX_DEPLOYMENT_TARGET = 10.15;
				MARKETING_VERSION = 1.0;
				PRODUCT_BUNDLE_IDENTIFIER = top.kyleye.OpenSwiftUIExample;
				PRODUCT_NAME = "$(TARGET_NAME)";
				SDKROOT = auto;
				SUPPORTED_PLATFORMS = "iphoneos iphonesimulator macosx";
				SWIFT_EMIT_LOC_STRINGS = YES;
				SWIFT_VERSION = 5.0;
				TARGETED_DEVICE_FAMILY = "1,2";
			};
			name = OpenSwiftUIDebug;
		};
		272252262BB1C655009CA741 /* OpenSwiftUIDebug */ = {
			isa = XCBuildConfiguration;
			buildSettings = {
				ASSETCATALOG_COMPILER_APPICON_NAME = AppIcon;
				ASSETCATALOG_COMPILER_GLOBAL_ACCENT_COLOR_NAME = AccentColor;
				CODE_SIGN_STYLE = Automatic;
				CURRENT_PROJECT_VERSION = 1;
				DEVELOPMENT_TEAM = VB7MJ8R223;
				GENERATE_INFOPLIST_FILE = YES;
				INFOPLIST_FILE = HostingExample/Info.plist;
				INFOPLIST_KEY_UIApplicationSupportsIndirectInputEvents = YES;
				INFOPLIST_KEY_UILaunchStoryboardName = LaunchScreen;
				INFOPLIST_KEY_UIMainStoryboardFile = Main;
				INFOPLIST_KEY_UISupportedInterfaceOrientations_iPad = "UIInterfaceOrientationPortrait UIInterfaceOrientationPortraitUpsideDown UIInterfaceOrientationLandscapeLeft UIInterfaceOrientationLandscapeRight";
				INFOPLIST_KEY_UISupportedInterfaceOrientations_iPhone = "UIInterfaceOrientationPortrait UIInterfaceOrientationLandscapeLeft UIInterfaceOrientationLandscapeRight";
				IPHONEOS_DEPLOYMENT_TARGET = 15.0;
				LD_RUNPATH_SEARCH_PATHS = (
					"$(inherited)",
					"@executable_path/Frameworks",
				);
				MARKETING_VERSION = 1.0;
				PRODUCT_BUNDLE_IDENTIFIER = top.kyleye.HostingExample;
				PRODUCT_NAME = "$(TARGET_NAME)";
				SDKROOT = iphoneos;
				SUPPORTED_PLATFORMS = "iphoneos iphonesimulator";
				SUPPORTS_MACCATALYST = NO;
				SUPPORTS_XR_DESIGNED_FOR_IPHONE_IPAD = NO;
				SWIFT_ACTIVE_COMPILATION_CONDITIONS = "OEPNSWIFTUI $(inherited)";
				SWIFT_EMIT_LOC_STRINGS = YES;
				SWIFT_VERSION = 5.0;
				TARGETED_DEVICE_FAMILY = "1,2";
			};
			name = OpenSwiftUIDebug;
		};
		27CD0B562AFC8D38003665EB /* SwiftUIDebug */ = {
			isa = XCBuildConfiguration;
			buildSettings = {
				ALWAYS_SEARCH_USER_PATHS = NO;
				ASSETCATALOG_COMPILER_GENERATE_SWIFT_ASSET_SYMBOL_EXTENSIONS = YES;
				CLANG_ANALYZER_NONNULL = YES;
				CLANG_ANALYZER_NUMBER_OBJECT_CONVERSION = YES_AGGRESSIVE;
				CLANG_CXX_LANGUAGE_STANDARD = "gnu++20";
				CLANG_ENABLE_MODULES = YES;
				CLANG_ENABLE_OBJC_ARC = YES;
				CLANG_ENABLE_OBJC_WEAK = YES;
				CLANG_WARN_BLOCK_CAPTURE_AUTORELEASING = YES;
				CLANG_WARN_BOOL_CONVERSION = YES;
				CLANG_WARN_COMMA = YES;
				CLANG_WARN_CONSTANT_CONVERSION = YES;
				CLANG_WARN_DEPRECATED_OBJC_IMPLEMENTATIONS = YES;
				CLANG_WARN_DIRECT_OBJC_ISA_USAGE = YES_ERROR;
				CLANG_WARN_DOCUMENTATION_COMMENTS = YES;
				CLANG_WARN_EMPTY_BODY = YES;
				CLANG_WARN_ENUM_CONVERSION = YES;
				CLANG_WARN_INFINITE_RECURSION = YES;
				CLANG_WARN_INT_CONVERSION = YES;
				CLANG_WARN_NON_LITERAL_NULL_CONVERSION = YES;
				CLANG_WARN_OBJC_IMPLICIT_RETAIN_SELF = YES;
				CLANG_WARN_OBJC_LITERAL_CONVERSION = YES;
				CLANG_WARN_OBJC_ROOT_CLASS = YES_ERROR;
				CLANG_WARN_QUOTED_INCLUDE_IN_FRAMEWORK_HEADER = YES;
				CLANG_WARN_RANGE_LOOP_ANALYSIS = YES;
				CLANG_WARN_STRICT_PROTOTYPES = YES;
				CLANG_WARN_SUSPICIOUS_MOVE = YES;
				CLANG_WARN_UNGUARDED_AVAILABILITY = YES_AGGRESSIVE;
				CLANG_WARN_UNREACHABLE_CODE = YES;
				CLANG_WARN__DUPLICATE_METHOD_MATCH = YES;
				COPY_PHASE_STRIP = NO;
				DEBUG_INFORMATION_FORMAT = dwarf;
				ENABLE_STRICT_OBJC_MSGSEND = YES;
				ENABLE_TESTABILITY = YES;
				ENABLE_USER_SCRIPT_SANDBOXING = YES;
				GCC_C_LANGUAGE_STANDARD = gnu17;
				GCC_DYNAMIC_NO_PIC = NO;
				GCC_NO_COMMON_BLOCKS = YES;
				GCC_OPTIMIZATION_LEVEL = 0;
				GCC_PREPROCESSOR_DEFINITIONS = (
					"DEBUG=1",
					"$(inherited)",
				);
				GCC_WARN_64_TO_32_BIT_CONVERSION = YES;
				GCC_WARN_ABOUT_RETURN_TYPE = YES_ERROR;
				GCC_WARN_UNDECLARED_SELECTOR = YES;
				GCC_WARN_UNINITIALIZED_AUTOS = YES_AGGRESSIVE;
				GCC_WARN_UNUSED_FUNCTION = YES;
				GCC_WARN_UNUSED_VARIABLE = YES;
				LOCALIZATION_PREFERS_STRING_CATALOGS = YES;
				MTL_ENABLE_DEBUG_INFO = INCLUDE_SOURCE;
				MTL_FAST_MATH = YES;
				ONLY_ACTIVE_ARCH = YES;
				SWIFT_ACTIVE_COMPILATION_CONDITIONS = "DEBUG $(inherited)";
				SWIFT_OPTIMIZATION_LEVEL = "-Onone";
			};
			name = SwiftUIDebug;
		};
		27CD0B592AFC8D38003665EB /* SwiftUIDebug */ = {
			isa = XCBuildConfiguration;
			buildSettings = {
				ASSETCATALOG_COMPILER_APPICON_NAME = AppIcon;
				ASSETCATALOG_COMPILER_GLOBAL_ACCENT_COLOR_NAME = AccentColor;
				CODE_SIGN_ENTITLEMENTS = Example/Example.entitlements;
				CODE_SIGN_STYLE = Automatic;
				CURRENT_PROJECT_VERSION = 1;
				DEVELOPMENT_ASSET_PATHS = "\"Example/Preview Content\"";
				DEVELOPMENT_TEAM = VB7MJ8R223;
				ENABLE_HARDENED_RUNTIME = YES;
				ENABLE_PREVIEWS = YES;
				GENERATE_INFOPLIST_FILE = YES;
				"INFOPLIST_KEY_UIApplicationSceneManifest_Generation[sdk=iphoneos*]" = YES;
				"INFOPLIST_KEY_UIApplicationSceneManifest_Generation[sdk=iphonesimulator*]" = YES;
				"INFOPLIST_KEY_UIApplicationSupportsIndirectInputEvents[sdk=iphoneos*]" = YES;
				"INFOPLIST_KEY_UIApplicationSupportsIndirectInputEvents[sdk=iphonesimulator*]" = YES;
				"INFOPLIST_KEY_UILaunchScreen_Generation[sdk=iphoneos*]" = YES;
				"INFOPLIST_KEY_UILaunchScreen_Generation[sdk=iphonesimulator*]" = YES;
				"INFOPLIST_KEY_UIStatusBarStyle[sdk=iphoneos*]" = UIStatusBarStyleDefault;
				"INFOPLIST_KEY_UIStatusBarStyle[sdk=iphonesimulator*]" = UIStatusBarStyleDefault;
				INFOPLIST_KEY_UISupportedInterfaceOrientations_iPad = "UIInterfaceOrientationPortrait UIInterfaceOrientationPortraitUpsideDown UIInterfaceOrientationLandscapeLeft UIInterfaceOrientationLandscapeRight";
				INFOPLIST_KEY_UISupportedInterfaceOrientations_iPhone = "UIInterfaceOrientationPortrait UIInterfaceOrientationLandscapeLeft UIInterfaceOrientationLandscapeRight";
				IPHONEOS_DEPLOYMENT_TARGET = 13.0;
				LD_RUNPATH_SEARCH_PATHS = "@executable_path/Frameworks";
				"LD_RUNPATH_SEARCH_PATHS[sdk=macosx*]" = "@executable_path/../Frameworks";
				MACOSX_DEPLOYMENT_TARGET = 10.15;
				MARKETING_VERSION = 1.0;
				PRODUCT_BUNDLE_IDENTIFIER = top.kyleye.OpenSwiftUIExample;
				PRODUCT_NAME = "$(TARGET_NAME)";
				SDKROOT = auto;
				SUPPORTED_PLATFORMS = "iphoneos iphonesimulator macosx";
				SWIFT_EMIT_LOC_STRINGS = YES;
				SWIFT_VERSION = 5.0;
				TARGETED_DEVICE_FAMILY = "1,2";
			};
			name = SwiftUIDebug;
		};
		27D49E0A2BA604FC00F6E2E2 /* SwiftUIDebug */ = {
			isa = XCBuildConfiguration;
			buildSettings = {
				ASSETCATALOG_COMPILER_APPICON_NAME = AppIcon;
				ASSETCATALOG_COMPILER_GLOBAL_ACCENT_COLOR_NAME = AccentColor;
				CODE_SIGN_STYLE = Automatic;
				CURRENT_PROJECT_VERSION = 1;
				DEVELOPMENT_TEAM = VB7MJ8R223;
				GENERATE_INFOPLIST_FILE = YES;
				INFOPLIST_FILE = HostingExample/Info.plist;
				INFOPLIST_KEY_UIApplicationSupportsIndirectInputEvents = YES;
				INFOPLIST_KEY_UILaunchStoryboardName = LaunchScreen;
				INFOPLIST_KEY_UIMainStoryboardFile = Main;
				INFOPLIST_KEY_UISupportedInterfaceOrientations_iPad = "UIInterfaceOrientationPortrait UIInterfaceOrientationPortraitUpsideDown UIInterfaceOrientationLandscapeLeft UIInterfaceOrientationLandscapeRight";
				INFOPLIST_KEY_UISupportedInterfaceOrientations_iPhone = "UIInterfaceOrientationPortrait UIInterfaceOrientationLandscapeLeft UIInterfaceOrientationLandscapeRight";
				IPHONEOS_DEPLOYMENT_TARGET = 15.0;
				LD_RUNPATH_SEARCH_PATHS = (
					"$(inherited)",
					"@executable_path/Frameworks",
				);
				MARKETING_VERSION = 1.0;
				PRODUCT_BUNDLE_IDENTIFIER = top.kyleye.HostingExample;
				PRODUCT_NAME = "$(TARGET_NAME)";
				SDKROOT = iphoneos;
				SUPPORTED_PLATFORMS = "iphoneos iphonesimulator";
				SUPPORTS_MACCATALYST = NO;
				SUPPORTS_XR_DESIGNED_FOR_IPHONE_IPAD = NO;
				SWIFT_ACTIVE_COMPILATION_CONDITIONS = "$(inherited)";
				SWIFT_EMIT_LOC_STRINGS = YES;
				SWIFT_VERSION = 5.0;
				TARGETED_DEVICE_FAMILY = "1,2";
			};
			name = SwiftUIDebug;
		};
/* End XCBuildConfiguration section */

/* Begin XCConfigurationList section */
		27CD0B442AFC8D37003665EB /* Build configuration list for PBXProject "Example" */ = {
			isa = XCConfigurationList;
			buildConfigurations = (
				27CD0B562AFC8D38003665EB /* SwiftUIDebug */,
				272252242BB1C655009CA741 /* OpenSwiftUIDebug */,
			);
			defaultConfigurationIsVisible = 0;
			defaultConfigurationName = SwiftUIDebug;
		};
		27CD0B582AFC8D38003665EB /* Build configuration list for PBXNativeTarget "Example" */ = {
			isa = XCConfigurationList;
			buildConfigurations = (
				27CD0B592AFC8D38003665EB /* SwiftUIDebug */,
				272252252BB1C655009CA741 /* OpenSwiftUIDebug */,
			);
			defaultConfigurationIsVisible = 0;
			defaultConfigurationName = SwiftUIDebug;
		};
		27D49E092BA604FC00F6E2E2 /* Build configuration list for PBXNativeTarget "HostingExample" */ = {
			isa = XCConfigurationList;
			buildConfigurations = (
				27D49E0A2BA604FC00F6E2E2 /* SwiftUIDebug */,
				272252262BB1C655009CA741 /* OpenSwiftUIDebug */,
			);
			defaultConfigurationIsVisible = 0;
			defaultConfigurationName = SwiftUIDebug;
		};
/* End XCConfigurationList section */

/* Begin XCSwiftPackageProductDependency section */
		27CD0B5E2AFC8DA7003665EB /* OpenSwiftUI */ = {
			isa = XCSwiftPackageProductDependency;
			productName = OpenSwiftUI;
		};
		27D49E0D2BA60AF600F6E2E2 /* OpenSwiftUI */ = {
			isa = XCSwiftPackageProductDependency;
			productName = OpenSwiftUI;
		};
/* End XCSwiftPackageProductDependency section */
	};
	rootObject = 27CD0B412AFC8D37003665EB /* Project object */;
}
