{
  "originHash" : "3b75843b30de7ae52117746121db03c09c1cef5f4217c839e9b86c5e31fc1265",
  "pins" : [
    {
      "identity" : "compute",
      "kind" : "remoteSourceControl",
      "location" : "https://github.com/OpenSwiftUIProject/Compute",
      "state" : {
        "revision" : "bf9cfe57ba8b3dc7307a95fb10a6133e70db3089",
        "version" : "0.3.0-bugfix.1"
      }
    },
    {
      "identity" : "equatable",
      "kind" : "remoteSourceControl",
      "location" : "https://github.com/OpenSwiftUIProject/equatable.git",
      "state" : {
        "branch" : "main",
        "revision" : "8f1dccead65d97173ed695c6c1ba9d0570d35619"
      }
    },
    {
      "identity" : "opencoregraphics",
      "kind" : "remoteSourceControl",
      "location" : "https://github.com/OpenSwiftUIProject/OpenCoreGraphics",
      "state" : {
        "branch" : "main",
        "revision" : "050239bd42b19a4c8b1ef3936bfb9f3589ecfc46"
      }
    },
    {
      "identity" : "openobservation",
      "kind" : "remoteSourceControl",
      "location" : "https://github.com/OpenSwiftUIProject/OpenObservation",
      "state" : {
        "branch" : "main",
        "revision" : "05e0581e76b7153338836469320a4789fd0257e2"
      }
    },
    {
      "identity" : "swift-collections",
      "kind" : "remoteSourceControl",
      "location" : "https://github.com/apple/swift-collections",
      "state" : {
        "revision" : "03cc312c2c933ed87abace34044a5dff7a3117c1",
        "version" : "1.5.0"
      }
    },
    {
      "identity" : "swift-custom-dump",
      "kind" : "remoteSourceControl",
      "location" : "https://github.com/pointfreeco/swift-custom-dump",
      "state" : {
        "revision" : "a8cd6c976f335ed361dcecddb0dc39ebda51bc3e",
        "version" : "1.6.1"
      }
    },
    {
      "identity" : "swift-numerics",
      "kind" : "remoteSourceControl",
      "location" : "https://github.com/apple/swift-numerics",
      "state" : {
        "revision" : "0c0290ff6b24942dadb83a929ffaaa1481df04a2",
        "version" : "1.1.1"
      }
    },
    {
      "identity" : "swift-snapshot-testing",
      "kind" : "remoteSourceControl",
      "location" : "https://github.com/OpenSwiftUIProject/swift-snapshot-testing.git",
      "state" : {
        "revision" : "1bc16f430d8410e7f087d4c787767b26fd32fe30",
        "version" : "1.19.3"
      }
    },
    {
      "identity" : "swift-syntax",
      "kind" : "remoteSourceControl",
      "location" : "https://github.com/swiftlang/swift-syntax",
      "state" : {
        "revision" : "f99ae8aa18f0cf0d53481901f88a0991dc3bd4a2",
        "version" : "601.0.1"
      }
    },
    {
      "identity" : "symbollocator",
      "kind" : "remoteSourceControl",
      "location" : "https://github.com/OpenSwiftUIProject/SymbolLocator.git",
      "state" : {
        "revision" : "546053c03f282df1a8270853da6692e1b078be09",
        "version" : "0.2.1"
      }
    },
    {
      "identity" : "xctest-dynamic-overlay",
      "kind" : "remoteSourceControl",
      "location" : "https://github.com/pointfreeco/xctest-dynamic-overlay",
      "state" : {
        "revision" : "dfd70507def84cb5fb821278448a262c6ff2bbad",
        "version" : "1.9.0"
      }
    }
  ],
  "version" : 3
}
