{
  "originHash" : "34ec164994f4a7193f54a6829aeb133fff6d99ebe00bfbf67e2ac554c7ea9724",
  "pins" : [
    {
      "identity" : "equatable",
      "kind" : "remoteSourceControl",
      "location" : "https://github.com/OpenSwiftUIProject/equatable.git",
      "state" : {
        "branch" : "main",
        "revision" : "8f1dccead65d97173ed695c6c1ba9d0570d35619"
      }
    },
    {
      "identity" : "opencoregraphics",
      "kind" : "remoteSourceControl",
      "location" : "https://github.com/OpenSwiftUIProject/OpenCoreGraphics",
      "state" : {
        "branch" : "main",
        "revision" : "8d63c405f565fb287042e0b8dc3bf0c4b8b2b56f"
      }
    },
    {
      "identity" : "openobservation",
      "kind" : "remoteSourceControl",
      "location" : "https://github.com/OpenSwiftUIProject/OpenObservation",
      "state" : {
        "branch" : "main",
        "revision" : "814dbe008056db6007bfc3d27fe585837f30e9ed"
      }
    },
    {
      "identity" : "swift-custom-dump",
      "kind" : "remoteSourceControl",
      "location" : "https://github.com/pointfreeco/swift-custom-dump",
      "state" : {
        "revision" : "2a2a938798236b8fa0bc57c453ee9de9f9ec3ab0",
        "version" : "1.4.1"
      }
    },
    {
      "identity" : "swift-numerics",
      "kind" : "remoteSourceControl",
      "location" : "https://github.com/apple/swift-numerics",
      "state" : {
        "revision" : "0c0290ff6b24942dadb83a929ffaaa1481df04a2",
        "version" : "1.1.1"
      }
    },
    {
      "identity" : "swift-snapshot-testing",
      "kind" : "remoteSourceControl",
      "location" : "https://github.com/pointfreeco/swift-snapshot-testing",
      "state" : {
        "revision" : "bf8d8c27f0f0c6d5e77bff0db76ab68f2050d15d",
        "version" : "1.18.9"
      }
    },
    {
      "identity" : "swift-syntax",
      "kind" : "remoteSourceControl",
      "location" : "https://github.com/swiftlang/swift-syntax",
      "state" : {
        "revision" : "f99ae8aa18f0cf0d53481901f88a0991dc3bd4a2",
        "version" : "601.0.1"
      }
    },
    {
      "identity" : "symbollocator",
      "kind" : "remoteSourceControl",
      "location" : "https://github.com/OpenSwiftUIProject/SymbolLocator.git",
      "state" : {
        "revision" : "546053c03f282df1a8270853da6692e1b078be09",
        "version" : "0.2.1"
      }
    },
    {
      "identity" : "xctest-dynamic-overlay",
      "kind" : "remoteSourceControl",
      "location" : "https://github.com/pointfreeco/xctest-dynamic-overlay",
      "state" : {
        "revision" : "34e463e98ab8541c604af706c99bed7160f5ec70",
        "version" : "1.8.1"
      }
    }
  ],
  "version" : 3
}
